// !$*UTF8*$!
{
	archiveVersion = 1;
	classes = {
	};
	objectVersion = 50;
	objects = {

/* Begin PBXBuildFile section */
		E61EA6C921379AD400394FFF /* Assets.xcassets in Resources */ = {isa = PBXBuildFile; fileRef = E61EA6AB21379AD300394FFF /* Assets.xcassets */; };
		E61EA6CA21379AD400394FFF /* LaunchScreen.storyboard in Resources */ = {isa = PBXBuildFile; fileRef = E61EA6AC21379AD300394FFF /* LaunchScreen.storyboard */; };
		E61EA6CB21379AD400394FFF /* Main.storyboard in Resources */ = {isa = PBXBuildFile; fileRef = E61EA6AE21379AD300394FFF /* Main.storyboard */; };
		E61EA6CC21379AD400394FFF /* ViewController.m in Sources */ = {isa = PBXBuildFile; fileRef = E61EA6B221379AD300394FFF /* ViewController.m */; };
		E61EA6CD21379AD400394FFF /* main.m in Sources */ = {isa = PBXBuildFile; fileRef = E61EA6B321379AD300394FFF /* main.m */; };
		E61EA6CE21379AD400394FFF /* AppDelegate.m in Sources */ = {isa = PBXBuildFile; fileRef = E61EA6B421379AD300394FFF /* AppDelegate.m */; };
		E61EA6CF21379AD400394FFF /* PXYMulticastDelegate.m in Sources */ = {isa = PBXBuildFile; fileRef = E61EA6BA21379AD400394FFF /* PXYMulticastDelegate.m */; };
		E61EA6D021379AD400394FFF /* NSObject+PXYKVO.m in Sources */ = {isa = PBXBuildFile; fileRef = E61EA6BE21379AD400394FFF /* NSObject+PXYKVO.m */; };
		E61EA6D121379AD400394FFF /* NSObject+PXYRuntimeHelper.m in Sources */ = {isa = PBXBuildFile; fileRef = E61EA6C021379AD400394FFF /* NSObject+PXYRuntimeHelper.m */; };
		E61EA6D221379AD400394FFF /* PXYRuntimeMethodSwizzledHelper.m in Sources */ = {isa = PBXBuildFile; fileRef = E61EA6C421379AD400394FFF /* PXYRuntimeMethodSwizzledHelper.m */; };
		E61EA6D321379AD400394FFF /* PXYRuntimeNSCodingHelper.m in Sources */ = {isa = PBXBuildFile; fileRef = E61EA6C721379AD400394FFF /* PXYRuntimeNSCodingHelper.m */; };
		E61EA6D421379AD400394FFF /* Info.plist in Resources */ = {isa = PBXBuildFile; fileRef = E61EA6C821379AD400394FFF /* Info.plist */; };
		E61EA846213CD79100394FFF /* PXYAPMLoadMonitor.m in Sources */ = {isa = PBXBuildFile; fileRef = E61EA844213CD79100394FFF /* PXYAPMLoadMonitor.m */; };
		E61EA884213D16C300394FFF /* PXYFMWKDYLIB.h in Headers */ = {isa = PBXBuildFile; fileRef = E61EA882213D16C300394FFF /* PXYFMWKDYLIB.h */; settings = {ATTRIBUTES = (Public, ); }; };
		E61EA887213D16C300394FFF /* PXYFMWKDYLIB.framework in Frameworks */ = {isa = PBXBuildFile; fileRef = E61EA880213D16C300394FFF /* PXYFMWKDYLIB.framework */; };
		E61EA888213D16C300394FFF /* PXYFMWKDYLIB.framework in Embed Frameworks */ = {isa = PBXBuildFile; fileRef = E61EA880213D16C300394FFF /* PXYFMWKDYLIB.framework */; settings = {ATTRIBUTES = (CodeSignOnCopy, RemoveHeadersOnCopy, ); }; };
		E61EA88C213D185500394FFF /* PXYAPMLoadMonitor.h in Headers */ = {isa = PBXBuildFile; fileRef = E61EA843213CD79100394FFF /* PXYAPMLoadMonitor.h */; settings = {ATTRIBUTES = (Public, ); }; };
		E61EA88D213D185C00394FFF /* PXYMulticastDelegate.h in Headers */ = {isa = PBXBuildFile; fileRef = E61EA6B921379AD400394FFF /* PXYMulticastDelegate.h */; settings = {ATTRIBUTES = (Public, ); }; };
		E61EA88E213D186400394FFF /* NSObject+PXYKVO.h in Headers */ = {isa = PBXBuildFile; fileRef = E61EA6BD21379AD400394FFF /* NSObject+PXYKVO.h */; settings = {ATTRIBUTES = (Public, ); }; };
		E61EA88F213D186D00394FFF /* NSObject+PXYRuntimeHelper.h in Headers */ = {isa = PBXBuildFile; fileRef = E61EA6C121379AD400394FFF /* NSObject+PXYRuntimeHelper.h */; settings = {ATTRIBUTES = (Public, ); }; };
		E61EA890213D187500394FFF /* PXYRuntimeMethodSwizzledHelper.h in Headers */ = {isa = PBXBuildFile; fileRef = E61EA6C321379AD400394FFF /* PXYRuntimeMethodSwizzledHelper.h */; settings = {ATTRIBUTES = (Public, ); }; };
		E61EA891213D187C00394FFF /* PXYRuntimeNSCodingHelper.h in Headers */ = {isa = PBXBuildFile; fileRef = E61EA6C621379AD400394FFF /* PXYRuntimeNSCodingHelper.h */; settings = {ATTRIBUTES = (Public, ); }; };
		E61EA892213D18C900394FFF /* PXYAPMLoadMonitor.m in Sources */ = {isa = PBXBuildFile; fileRef = E61EA844213CD79100394FFF /* PXYAPMLoadMonitor.m */; };
		E61EA893213D18D700394FFF /* PXYMulticastDelegate.m in Sources */ = {isa = PBXBuildFile; fileRef = E61EA6BA21379AD400394FFF /* PXYMulticastDelegate.m */; };
		E61EA894213D18D700394FFF /* NSObject+PXYKVO.m in Sources */ = {isa = PBXBuildFile; fileRef = E61EA6BE21379AD400394FFF /* NSObject+PXYKVO.m */; };
		E61EA895213D18D700394FFF /* NSObject+PXYRuntimeHelper.m in Sources */ = {isa = PBXBuildFile; fileRef = E61EA6C021379AD400394FFF /* NSObject+PXYRuntimeHelper.m */; };
		E61EA896213D18D700394FFF /* PXYRuntimeMethodSwizzledHelper.m in Sources */ = {isa = PBXBuildFile; fileRef = E61EA6C421379AD400394FFF /* PXYRuntimeMethodSwizzledHelper.m */; };
		E61EA897213D18D700394FFF /* PXYRuntimeNSCodingHelper.m in Sources */ = {isa = PBXBuildFile; fileRef = E61EA6C721379AD400394FFF /* PXYRuntimeNSCodingHelper.m */; };
		E61EA8BD213D4FB800394FFF /* PXYFMWKLib.m in Sources */ = {isa = PBXBuildFile; fileRef = E61EA8BC213D4FB800394FFF /* PXYFMWKLib.m */; };
		E61EA8BE213D4FB800394FFF /* PXYFMWKLib.h in CopyFiles */ = {isa = PBXBuildFile; fileRef = E61EA8BB213D4FB800394FFF /* PXYFMWKLib.h */; };
		E61EA8C2213D4FD700394FFF /* PXYAPMLoadMonitor.m in Sources */ = {isa = PBXBuildFile; fileRef = E61EA844213CD79100394FFF /* PXYAPMLoadMonitor.m */; };
		E61EA8C3213D4FE100394FFF /* PXYAPMLoadMonitor.h in CopyFiles */ = {isa = PBXBuildFile; fileRef = E61EA843213CD79100394FFF /* PXYAPMLoadMonitor.h */; };
/* End PBXBuildFile section */

/* Begin PBXContainerItemProxy section */
		E61EA885213D16C300394FFF /* PBXContainerItemProxy */ = {
			isa = PBXContainerItemProxy;
			containerPortal = E62C11992121BCFF0020D199 /* Project object */;
			proxyType = 1;
			remoteGlobalIDString = E61EA87F213D16C300394FFF;
			remoteInfo = PXYFMWKDYLIB;
		};
/* End PBXContainerItemProxy section */

/* Begin PBXCopyFilesBuildPhase section */
		E61EA8302137E05B00394FFF /* Embed Frameworks */ = {
			isa = PBXCopyFilesBuildPhase;
			buildActionMask = 2147483647;
			dstPath = "";
			dstSubfolderSpec = 10;
			files = (
				E61EA888213D16C300394FFF /* PXYFMWKDYLIB.framework in Embed Frameworks */,
			);
			name = "Embed Frameworks";
			runOnlyForDeploymentPostprocessing = 0;
		};
		E61EA8B7213D4FB800394FFF /* CopyFiles */ = {
			isa = PBXCopyFilesBuildPhase;
			buildActionMask = 2147483647;
			dstPath = "include/$(PRODUCT_NAME)";
			dstSubfolderSpec = 16;
			files = (
				E61EA8C3213D4FE100394FFF /* PXYAPMLoadMonitor.h in CopyFiles */,
				E61EA8BE213D4FB800394FFF /* PXYFMWKLib.h in CopyFiles */,
			);
			runOnlyForDeploymentPostprocessing = 0;
		};
/* End PBXCopyFilesBuildPhase section */

/* Begin PBXFileReference section */
		E61EA6AB21379AD300394FFF /* Assets.xcassets */ = {isa = PBXFileReference; lastKnownFileType = folder.assetcatalog; path = Assets.xcassets; sourceTree = "<group>"; };
		E61EA6AD21379AD300394FFF /* Base */ = {isa = PBXFileReference; lastKnownFileType = file.storyboard; name = Base; path = Base.lproj/LaunchScreen.storyboard; sourceTree = "<group>"; };
		E61EA6AF21379AD300394FFF /* Base */ = {isa = PBXFileReference; lastKnownFileType = file.storyboard; name = Base; path = Base.lproj/Main.storyboard; sourceTree = "<group>"; };
		E61EA6B121379AD300394FFF /* AppDelegate.h */ = {isa = PBXFileReference; fileEncoding = 4; lastKnownFileType = sourcecode.c.h; path = AppDelegate.h; sourceTree = "<group>"; };
		E61EA6B221379AD300394FFF /* ViewController.m */ = {isa = PBXFileReference; fileEncoding = 4; lastKnownFileType = sourcecode.c.objc; path = ViewController.m; sourceTree = "<group>"; };
		E61EA6B321379AD300394FFF /* main.m */ = {isa = PBXFileReference; fileEncoding = 4; lastKnownFileType = sourcecode.c.objc; path = main.m; sourceTree = "<group>"; };
		E61EA6B421379AD300394FFF /* AppDelegate.m */ = {isa = PBXFileReference; fileEncoding = 4; lastKnownFileType = sourcecode.c.objc; path = AppDelegate.m; sourceTree = "<group>"; };
		E61EA6B521379AD300394FFF /* ViewController.h */ = {isa = PBXFileReference; fileEncoding = 4; lastKnownFileType = sourcecode.c.h; path = ViewController.h; sourceTree = "<group>"; };
		E61EA6B921379AD400394FFF /* PXYMulticastDelegate.h */ = {isa = PBXFileReference; fileEncoding = 4; lastKnownFileType = sourcecode.c.h; path = PXYMulticastDelegate.h; sourceTree = "<group>"; };
		E61EA6BA21379AD400394FFF /* PXYMulticastDelegate.m */ = {isa = PBXFileReference; fileEncoding = 4; lastKnownFileType = sourcecode.c.objc; path = PXYMulticastDelegate.m; sourceTree = "<group>"; };
		E61EA6BD21379AD400394FFF /* NSObject+PXYKVO.h */ = {isa = PBXFileReference; fileEncoding = 4; lastKnownFileType = sourcecode.c.h; path = "NSObject+PXYKVO.h"; sourceTree = "<group>"; };
		E61EA6BE21379AD400394FFF /* NSObject+PXYKVO.m */ = {isa = PBXFileReference; fileEncoding = 4; lastKnownFileType = sourcecode.c.objc; path = "NSObject+PXYKVO.m"; sourceTree = "<group>"; };
		E61EA6C021379AD400394FFF /* NSObject+PXYRuntimeHelper.m */ = {isa = PBXFileReference; fileEncoding = 4; lastKnownFileType = sourcecode.c.objc; path = "NSObject+PXYRuntimeHelper.m"; sourceTree = "<group>"; };
		E61EA6C121379AD400394FFF /* NSObject+PXYRuntimeHelper.h */ = {isa = PBXFileReference; fileEncoding = 4; lastKnownFileType = sourcecode.c.h; path = "NSObject+PXYRuntimeHelper.h"; sourceTree = "<group>"; };
		E61EA6C321379AD400394FFF /* PXYRuntimeMethodSwizzledHelper.h */ = {isa = PBXFileReference; fileEncoding = 4; lastKnownFileType = sourcecode.c.h; path = PXYRuntimeMethodSwizzledHelper.h; sourceTree = "<group>"; };
		E61EA6C421379AD400394FFF /* PXYRuntimeMethodSwizzledHelper.m */ = {isa = PBXFileReference; fileEncoding = 4; lastKnownFileType = sourcecode.c.objc; path = PXYRuntimeMethodSwizzledHelper.m; sourceTree = "<group>"; };
		E61EA6C621379AD400394FFF /* PXYRuntimeNSCodingHelper.h */ = {isa = PBXFileReference; fileEncoding = 4; lastKnownFileType = sourcecode.c.h; path = PXYRuntimeNSCodingHelper.h; sourceTree = "<group>"; };
		E61EA6C721379AD400394FFF /* PXYRuntimeNSCodingHelper.m */ = {isa = PBXFileReference; fileEncoding = 4; lastKnownFileType = sourcecode.c.objc; path = PXYRuntimeNSCodingHelper.m; sourceTree = "<group>"; };
		E61EA6C821379AD400394FFF /* Info.plist */ = {isa = PBXFileReference; fileEncoding = 4; lastKnownFileType = text.plist.xml; path = Info.plist; sourceTree = "<group>"; };
		E61EA843213CD79100394FFF /* PXYAPMLoadMonitor.h */ = {isa = PBXFileReference; lastKnownFileType = sourcecode.c.h; path = PXYAPMLoadMonitor.h; sourceTree = "<group>"; };
		E61EA844213CD79100394FFF /* PXYAPMLoadMonitor.m */ = {isa = PBXFileReference; lastKnownFileType = sourcecode.c.objc; path = PXYAPMLoadMonitor.m; sourceTree = "<group>"; };
		E61EA880213D16C300394FFF /* PXYFMWKDYLIB.framework */ = {isa = PBXFileReference; explicitFileType = wrapper.framework; includeInIndex = 0; path = PXYFMWKDYLIB.framework; sourceTree = BUILT_PRODUCTS_DIR; };
		E61EA882213D16C300394FFF /* PXYFMWKDYLIB.h */ = {isa = PBXFileReference; lastKnownFileType = sourcecode.c.h; path = PXYFMWKDYLIB.h; sourceTree = "<group>"; };
		E61EA883213D16C300394FFF /* Info.plist */ = {isa = PBXFileReference; lastKnownFileType = text.plist.xml; path = Info.plist; sourceTree = "<group>"; };
		E61EA8B9213D4FB800394FFF /* libPXYFMWKLib.a */ = {isa = PBXFileReference; explicitFileType = archive.ar; includeInIndex = 0; path = libPXYFMWKLib.a; sourceTree = BUILT_PRODUCTS_DIR; };
		E61EA8BB213D4FB800394FFF /* PXYFMWKLib.h */ = {isa = PBXFileReference; lastKnownFileType = sourcecode.c.h; path = PXYFMWKLib.h; sourceTree = "<group>"; };
		E61EA8BC213D4FB800394FFF /* PXYFMWKLib.m */ = {isa = PBXFileReference; lastKnownFileType = sourcecode.c.objc; path = PXYFMWKLib.m; sourceTree = "<group>"; };
		E62C11A12121BCFF0020D199 /* PXYFMWK.app */ = {isa = PBXFileReference; explicitFileType = wrapper.application; includeInIndex = 0; path = PXYFMWK.app; sourceTree = BUILT_PRODUCTS_DIR; };
		E673D85F2142683F0030117B /* LoadRuler.mm */ = {isa = PBXFileReference; fileEncoding = 4; lastKnownFileType = sourcecode.cpp.objcpp; path = LoadRuler.mm; sourceTree = "<group>"; };
		E673D8602142683F0030117B /* LoadRuler.h */ = {isa = PBXFileReference; fileEncoding = 4; lastKnownFileType = sourcecode.c.h; path = LoadRuler.h; sourceTree = "<group>"; };
/* End PBXFileReference section */

/* Begin PBXFrameworksBuildPhase section */
		E61EA87C213D16C300394FFF /* Frameworks */ = {
			isa = PBXFrameworksBuildPhase;
			buildActionMask = 2147483647;
			files = (
			);
			runOnlyForDeploymentPostprocessing = 0;
		};
		E61EA8B6213D4FB800394FFF /* Frameworks */ = {
			isa = PBXFrameworksBuildPhase;
			buildActionMask = 2147483647;
			files = (
			);
			runOnlyForDeploymentPostprocessing = 0;
		};
		E62C119E2121BCFF0020D199 /* Frameworks */ = {
			isa = PBXFrameworksBuildPhase;
			buildActionMask = 2147483647;
			files = (
				E61EA887213D16C300394FFF /* PXYFMWKDYLIB.framework in Frameworks */,
			);
			runOnlyForDeploymentPostprocessing = 0;
		};
/* End PBXFrameworksBuildPhase section */

/* Begin PBXGroup section */
		E61EA6AA21379AD300394FFF /* PXYFMWK */ = {
			isa = PBXGroup;
			children = (
				E61EA6B621379AD300394FFF /* PXYFMWK */,
				E61EA6B021379AD300394FFF /* Main */,
				E61EA6AB21379AD300394FFF /* Assets.xcassets */,
				E61EA6AC21379AD300394FFF /* LaunchScreen.storyboard */,
				E61EA6AE21379AD300394FFF /* Main.storyboard */,
				E61EA6C821379AD400394FFF /* Info.plist */,
			);
			path = PXYFMWK;
			sourceTree = "<group>";
		};
		E61EA6B021379AD300394FFF /* Main */ = {
			isa = PBXGroup;
			children = (
				E61EA6B321379AD300394FFF /* main.m */,
				E61EA6B121379AD300394FFF /* AppDelegate.h */,
				E61EA6B421379AD300394FFF /* AppDelegate.m */,
				E61EA6B521379AD300394FFF /* ViewController.h */,
				E61EA6B221379AD300394FFF /* ViewController.m */,
			);
			path = Main;
			sourceTree = "<group>";
		};
		E61EA6B621379AD300394FFF /* PXYFMWK */ = {
			isa = PBXGroup;
			children = (
				E61EA83E213CD4C900394FFF /* Component */,
				E61EA6B721379AD400394FFF /* Helper */,
			);
			path = PXYFMWK;
			sourceTree = "<group>";
		};
		E61EA6B721379AD400394FFF /* Helper */ = {
			isa = PBXGroup;
			children = (
				E61EA6B821379AD400394FFF /* PXYMulticastDelegate */,
				E61EA6BB21379AD400394FFF /* PXYRuntime */,
			);
			path = Helper;
			sourceTree = "<group>";
		};
		E61EA6B821379AD400394FFF /* PXYMulticastDelegate */ = {
			isa = PBXGroup;
			children = (
				E61EA6B921379AD400394FFF /* PXYMulticastDelegate.h */,
				E61EA6BA21379AD400394FFF /* PXYMulticastDelegate.m */,
			);
			path = PXYMulticastDelegate;
			sourceTree = "<group>";
		};
		E61EA6BB21379AD400394FFF /* PXYRuntime */ = {
			isa = PBXGroup;
			children = (
				E61EA6BC21379AD400394FFF /* RuntimeKVO */,
				E61EA6BF21379AD400394FFF /* RuntimeHelper */,
				E61EA6C221379AD400394FFF /* RuntimeMethodSwizzled */,
				E61EA6C521379AD400394FFF /* RuntimeNSCoding */,
			);
			path = PXYRuntime;
			sourceTree = "<group>";
		};
		E61EA6BC21379AD400394FFF /* RuntimeKVO */ = {
			isa = PBXGroup;
			children = (
				E61EA6BD21379AD400394FFF /* NSObject+PXYKVO.h */,
				E61EA6BE21379AD400394FFF /* NSObject+PXYKVO.m */,
			);
			path = RuntimeKVO;
			sourceTree = "<group>";
		};
		E61EA6BF21379AD400394FFF /* RuntimeHelper */ = {
			isa = PBXGroup;
			children = (
				E61EA6C121379AD400394FFF /* NSObject+PXYRuntimeHelper.h */,
				E61EA6C021379AD400394FFF /* NSObject+PXYRuntimeHelper.m */,
			);
			path = RuntimeHelper;
			sourceTree = "<group>";
		};
		E61EA6C221379AD400394FFF /* RuntimeMethodSwizzled */ = {
			isa = PBXGroup;
			children = (
				E61EA6C321379AD400394FFF /* PXYRuntimeMethodSwizzledHelper.h */,
				E61EA6C421379AD400394FFF /* PXYRuntimeMethodSwizzledHelper.m */,
			);
			path = RuntimeMethodSwizzled;
			sourceTree = "<group>";
		};
		E61EA6C521379AD400394FFF /* RuntimeNSCoding */ = {
			isa = PBXGroup;
			children = (
				E61EA6C621379AD400394FFF /* PXYRuntimeNSCodingHelper.h */,
				E61EA6C721379AD400394FFF /* PXYRuntimeNSCodingHelper.m */,
			);
			path = RuntimeNSCoding;
			sourceTree = "<group>";
		};
		E61EA83E213CD4C900394FFF /* Component */ = {
			isa = PBXGroup;
			children = (
				E61EA840213CD74F00394FFF /* PXYAPMComponent */,
			);
			path = Component;
			sourceTree = "<group>";
		};
		E61EA840213CD74F00394FFF /* PXYAPMComponent */ = {
			isa = PBXGroup;
			children = (
				E61EA842213CD77600394FFF /* PXYAPMLoadMonitor */,
			);
			path = PXYAPMComponent;
			sourceTree = "<group>";
		};
		E61EA842213CD77600394FFF /* PXYAPMLoadMonitor */ = {
			isa = PBXGroup;
			children = (
				E61EA843213CD79100394FFF /* PXYAPMLoadMonitor.h */,
				E61EA844213CD79100394FFF /* PXYAPMLoadMonitor.m */,
				E673D8602142683F0030117B /* LoadRuler.h */,
				E673D85F2142683F0030117B /* LoadRuler.mm */,
			);
			path = PXYAPMLoadMonitor;
			sourceTree = "<group>";
		};
		E61EA881213D16C300394FFF /* PXYFMWKDYLIB */ = {
			isa = PBXGroup;
			children = (
				E61EA882213D16C300394FFF /* PXYFMWKDYLIB.h */,
				E61EA883213D16C300394FFF /* Info.plist */,
			);
			path = PXYFMWKDYLIB;
			sourceTree = "<group>";
		};
		E61EA8BA213D4FB800394FFF /* PXYFMWKLib */ = {
			isa = PBXGroup;
			children = (
				E61EA8BB213D4FB800394FFF /* PXYFMWKLib.h */,
				E61EA8BC213D4FB800394FFF /* PXYFMWKLib.m */,
			);
			path = PXYFMWKLib;
			sourceTree = "<group>";
		};
		E62C11982121BCFF0020D199 = {
			isa = PBXGroup;
			children = (
				E61EA6AA21379AD300394FFF /* PXYFMWK */,
				E61EA881213D16C300394FFF /* PXYFMWKDYLIB */,
				E61EA8BA213D4FB800394FFF /* PXYFMWKLib */,
				E62C11A22121BCFF0020D199 /* Products */,
			);
			sourceTree = "<group>";
		};
		E62C11A22121BCFF0020D199 /* Products */ = {
			isa = PBXGroup;
			children = (
				E62C11A12121BCFF0020D199 /* PXYFMWK.app */,
				E61EA880213D16C300394FFF /* PXYFMWKDYLIB.framework */,
				E61EA8B9213D4FB800394FFF /* libPXYFMWKLib.a */,
			);
			name = Products;
			sourceTree = "<group>";
		};
/* End PBXGroup section */

/* Begin PBXHeadersBuildPhase section */
		E61EA87D213D16C300394FFF /* Headers */ = {
			isa = PBXHeadersBuildPhase;
			buildActionMask = 2147483647;
			files = (
				E61EA88C213D185500394FFF /* PXYAPMLoadMonitor.h in Headers */,
				E61EA88D213D185C00394FFF /* PXYMulticastDelegate.h in Headers */,
				E61EA884213D16C300394FFF /* PXYFMWKDYLIB.h in Headers */,
				E61EA88E213D186400394FFF /* NSObject+PXYKVO.h in Headers */,
				E61EA890213D187500394FFF /* PXYRuntimeMethodSwizzledHelper.h in Headers */,
				E61EA891213D187C00394FFF /* PXYRuntimeNSCodingHelper.h in Headers */,
				E61EA88F213D186D00394FFF /* NSObject+PXYRuntimeHelper.h in Headers */,
			);
			runOnlyForDeploymentPostprocessing = 0;
		};
/* End PBXHeadersBuildPhase section */

/* Begin PBXNativeTarget section */
		E61EA87F213D16C300394FFF /* PXYFMWKDYLIB */ = {
			isa = PBXNativeTarget;
			buildConfigurationList = E61EA88B213D16C300394FFF /* Build configuration list for PBXNativeTarget "PXYFMWKDYLIB" */;
			buildPhases = (
				E61EA87B213D16C300394FFF /* Sources */,
				E61EA87C213D16C300394FFF /* Frameworks */,
				E61EA87D213D16C300394FFF /* Headers */,
				E61EA87E213D16C300394FFF /* Resources */,
			);
			buildRules = (
			);
			dependencies = (
			);
			name = PXYFMWKDYLIB;
			productName = PXYFMWKDYLIB;
			productReference = E61EA880213D16C300394FFF /* PXYFMWKDYLIB.framework */;
			productType = "com.apple.product-type.framework";
		};
		E61EA8B8213D4FB800394FFF /* PXYFMWKLib */ = {
			isa = PBXNativeTarget;
			buildConfigurationList = E61EA8BF213D4FB800394FFF /* Build configuration list for PBXNativeTarget "PXYFMWKLib" */;
			buildPhases = (
				E61EA8B5213D4FB800394FFF /* Sources */,
				E61EA8B6213D4FB800394FFF /* Frameworks */,
				E61EA8B7213D4FB800394FFF /* CopyFiles */,
			);
			buildRules = (
			);
			dependencies = (
			);
			name = PXYFMWKLib;
			productName = PXYFMWKLib;
			productReference = E61EA8B9213D4FB800394FFF /* libPXYFMWKLib.a */;
			productType = "com.apple.product-type.library.static";
		};
		E62C11A02121BCFF0020D199 /* PXYFMWK */ = {
			isa = PBXNativeTarget;
			buildConfigurationList = E62C11B72121BD010020D199 /* Build configuration list for PBXNativeTarget "PXYFMWK" */;
			buildPhases = (
				E62C119D2121BCFF0020D199 /* Sources */,
				E62C119E2121BCFF0020D199 /* Frameworks */,
				E62C119F2121BCFF0020D199 /* Resources */,
				E61EA8302137E05B00394FFF /* Embed Frameworks */,
			);
			buildRules = (
			);
			dependencies = (
				E61EA886213D16C300394FFF /* PBXTargetDependency */,
			);
			name = PXYFMWK;
			productName = FXYFMWK;
			productReference = E62C11A12121BCFF0020D199 /* PXYFMWK.app */;
			productType = "com.apple.product-type.application";
		};
/* End PBXNativeTarget section */

/* Begin PBXProject section */
		E62C11992121BCFF0020D199 /* Project object */ = {
			isa = PBXProject;
			attributes = {
				LastUpgradeCheck = 0940;
				ORGANIZATIONNAME = Pengxuyuan;
				TargetAttributes = {
					E61EA87F213D16C300394FFF = {
						CreatedOnToolsVersion = 9.4.1;
					};
					E61EA8B8213D4FB800394FFF = {
						CreatedOnToolsVersion = 9.4.1;
					};
					E62C11A02121BCFF0020D199 = {
						CreatedOnToolsVersion = 9.4.1;
					};
				};
			};
			buildConfigurationList = E62C119C2121BCFF0020D199 /* Build configuration list for PBXProject "PXYFMWK" */;
			compatibilityVersion = "Xcode 9.3";
			developmentRegion = en;
			hasScannedForEncodings = 0;
			knownRegions = (
				en,
				Base,
			);
			mainGroup = E62C11982121BCFF0020D199;
			productRefGroup = E62C11A22121BCFF0020D199 /* Products */;
			projectDirPath = "";
			projectRoot = "";
			targets = (
				E62C11A02121BCFF0020D199 /* PXYFMWK */,
				E61EA87F213D16C300394FFF /* PXYFMWKDYLIB */,
				E61EA8B8213D4FB800394FFF /* PXYFMWKLib */,
			);
		};
/* End PBXProject section */

/* Begin PBXResourcesBuildPhase section */
		E61EA87E213D16C300394FFF /* Resources */ = {
			isa = PBXResourcesBuildPhase;
			buildActionMask = 2147483647;
			files = (
			);
			runOnlyForDeploymentPostprocessing = 0;
		};
		E62C119F2121BCFF0020D199 /* Resources */ = {
			isa = PBXResourcesBuildPhase;
			buildActionMask = 2147483647;
			files = (
				E61EA6D421379AD400394FFF /* Info.plist in Resources */,
				E61EA6CB21379AD400394FFF /* Main.storyboard in Resources */,
				E61EA6C921379AD400394FFF /* Assets.xcassets in Resources */,
				E61EA6CA21379AD400394FFF /* LaunchScreen.storyboard in Resources */,
			);
			runOnlyForDeploymentPostprocessing = 0;
		};
/* End PBXResourcesBuildPhase section */

/* Begin PBXSourcesBuildPhase section */
		E61EA87B213D16C300394FFF /* Sources */ = {
			isa = PBXSourcesBuildPhase;
			buildActionMask = 2147483647;
			files = (
				E61EA893213D18D700394FFF /* PXYMulticastDelegate.m in Sources */,
				E61EA894213D18D700394FFF /* NSObject+PXYKVO.m in Sources */,
				E61EA895213D18D700394FFF /* NSObject+PXYRuntimeHelper.m in Sources */,
				E61EA896213D18D700394FFF /* PXYRuntimeMethodSwizzledHelper.m in Sources */,
				E61EA897213D18D700394FFF /* PXYRuntimeNSCodingHelper.m in Sources */,
				E61EA892213D18C900394FFF /* PXYAPMLoadMonitor.m in Sources */,
			);
			runOnlyForDeploymentPostprocessing = 0;
		};
		E61EA8B5213D4FB800394FFF /* Sources */ = {
			isa = PBXSourcesBuildPhase;
			buildActionMask = 2147483647;
			files = (
				E61EA8BD213D4FB800394FFF /* PXYFMWKLib.m in Sources */,
				E61EA8C2213D4FD700394FFF /* PXYAPMLoadMonitor.m in Sources */,
			);
			runOnlyForDeploymentPostprocessing = 0;
		};
		E62C119D2121BCFF0020D199 /* Sources */ = {
			isa = PBXSourcesBuildPhase;
			buildActionMask = 2147483647;
			files = (
				E61EA6D121379AD400394FFF /* NSObject+PXYRuntimeHelper.m in Sources */,
				E61EA6D021379AD400394FFF /* NSObject+PXYKVO.m in Sources */,
				E61EA6D221379AD400394FFF /* PXYRuntimeMethodSwizzledHelper.m in Sources */,
				E61EA6CD21379AD400394FFF /* main.m in Sources */,
				E61EA6CC21379AD400394FFF /* ViewController.m in Sources */,
				E61EA846213CD79100394FFF /* PXYAPMLoadMonitor.m in Sources */,
				E61EA6CE21379AD400394FFF /* AppDelegate.m in Sources */,
				E61EA6CF21379AD400394FFF /* PXYMulticastDelegate.m in Sources */,
				E61EA6D321379AD400394FFF /* PXYRuntimeNSCodingHelper.m in Sources */,
			);
			runOnlyForDeploymentPostprocessing = 0;
		};
/* End PBXSourcesBuildPhase section */

/* Begin PBXTargetDependency section */
		E61EA886213D16C300394FFF /* PBXTargetDependency */ = {
			isa = PBXTargetDependency;
			target = E61EA87F213D16C300394FFF /* PXYFMWKDYLIB */;
			targetProxy = E61EA885213D16C300394FFF /* PBXContainerItemProxy */;
		};
/* End PBXTargetDependency section */

/* Begin PBXVariantGroup section */
		E61EA6AC21379AD300394FFF /* LaunchScreen.storyboard */ = {
			isa = PBXVariantGroup;
			children = (
				E61EA6AD21379AD300394FFF /* Base */,
			);
			name = LaunchScreen.storyboard;
			sourceTree = "<group>";
		};
		E61EA6AE21379AD300394FFF /* Main.storyboard */ = {
			isa = PBXVariantGroup;
			children = (
				E61EA6AF21379AD300394FFF /* Base */,
			);
			name = Main.storyboard;
			sourceTree = "<group>";
		};
/* End PBXVariantGroup section */

/* Begin XCBuildConfiguration section */
		E61EA889213D16C300394FFF /* Debug */ = {
			isa = XCBuildConfiguration;
			buildSettings = {
				CODE_SIGN_IDENTITY = "";
				CODE_SIGN_STYLE = Automatic;
				CURRENT_PROJECT_VERSION = 1;
				DEFINES_MODULE = YES;
				DEVELOPMENT_TEAM = JQ65Q8X2ZJ;
				DYLIB_COMPATIBILITY_VERSION = 1;
				DYLIB_CURRENT_VERSION = 1;
				DYLIB_INSTALL_NAME_BASE = "@rpath";
				GCC_INPUT_FILETYPE = automatic;
				INFOPLIST_FILE = PXYFMWKDYLIB/Info.plist;
				INSTALL_PATH = "$(LOCAL_LIBRARY_DIR)/Frameworks";
				LD_RUNPATH_SEARCH_PATHS = (
					"$(inherited)",
					"@executable_path/Frameworks",
					"@loader_path/Frameworks",
				);
				PRODUCT_BUNDLE_IDENTIFIER = pengxuyuan.PXYFMWKDYLIB;
				PRODUCT_NAME = "$(TARGET_NAME:c99extidentifier)";
				SKIP_INSTALL = YES;
				TARGETED_DEVICE_FAMILY = "1,2";
				VERSIONING_SYSTEM = "apple-generic";
				VERSION_INFO_PREFIX = "";
			};
			name = Debug;
		};
		E61EA88A213D16C300394FFF /* Release */ = {
			isa = XCBuildConfiguration;
			buildSettings = {
				CODE_SIGN_IDENTITY = "";
				CODE_SIGN_STYLE = Automatic;
				CURRENT_PROJECT_VERSION = 1;
				DEFINES_MODULE = YES;
				DEVELOPMENT_TEAM = JQ65Q8X2ZJ;
				DYLIB_COMPATIBILITY_VERSION = 1;
				DYLIB_CURRENT_VERSION = 1;
				DYLIB_INSTALL_NAME_BASE = "@rpath";
				GCC_INPUT_FILETYPE = automatic;
				INFOPLIST_FILE = PXYFMWKDYLIB/Info.plist;
				INSTALL_PATH = "$(LOCAL_LIBRARY_DIR)/Frameworks";
				LD_RUNPATH_SEARCH_PATHS = (
					"$(inherited)",
					"@executable_path/Frameworks",
					"@loader_path/Frameworks",
				);
				PRODUCT_BUNDLE_IDENTIFIER = pengxuyuan.PXYFMWKDYLIB;
				PRODUCT_NAME = "$(TARGET_NAME:c99extidentifier)";
				SKIP_INSTALL = YES;
				TARGETED_DEVICE_FAMILY = "1,2";
				VERSIONING_SYSTEM = "apple-generic";
				VERSION_INFO_PREFIX = "";
			};
			name = Release;
		};
		E61EA8C0213D4FB800394FFF /* Debug */ = {
			isa = XCBuildConfiguration;
			buildSettings = {
				CODE_SIGN_STYLE = Automatic;
				DEVELOPMENT_TEAM = JQ65Q8X2ZJ;
				OTHER_LDFLAGS = "-ObjC";
				PRODUCT_NAME = "$(TARGET_NAME)";
				SKIP_INSTALL = YES;
				TARGETED_DEVICE_FAMILY = "1,2";
			};
			name = Debug;
		};
		E61EA8C1213D4FB800394FFF /* Release */ = {
			isa = XCBuildConfiguration;
			buildSettings = {
				CODE_SIGN_STYLE = Automatic;
				DEVELOPMENT_TEAM = JQ65Q8X2ZJ;
				OTHER_LDFLAGS = "-ObjC";
				PRODUCT_NAME = "$(TARGET_NAME)";
				SKIP_INSTALL = YES;
				TARGETED_DEVICE_FAMILY = "1,2";
			};
			name = Release;
		};
		E62C11B52121BD010020D199 /* Debug */ = {
			isa = XCBuildConfiguration;
			buildSettings = {
				ALWAYS_SEARCH_USER_PATHS = NO;
				CLANG_ANALYZER_NONNULL = YES;
				CLANG_ANALYZER_NUMBER_OBJECT_CONVERSION = YES_AGGRESSIVE;
				CLANG_CXX_LANGUAGE_STANDARD = "gnu++14";
				CLANG_CXX_LIBRARY = "libc++";
				CLANG_ENABLE_MODULES = YES;
				CLANG_ENABLE_OBJC_ARC = YES;
				CLANG_ENABLE_OBJC_WEAK = YES;
				CLANG_WARN_BLOCK_CAPTURE_AUTORELEASING = YES;
				CLANG_WARN_BOOL_CONVERSION = YES;
				CLANG_WARN_COMMA = YES;
				CLANG_WARN_CONSTANT_CONVERSION = YES;
				CLANG_WARN_DEPRECATED_OBJC_IMPLEMENTATIONS = YES;
				CLANG_WARN_DIRECT_OBJC_ISA_USAGE = YES_ERROR;
				CLANG_WARN_DOCUMENTATION_COMMENTS = YES;
				CLANG_WARN_EMPTY_BODY = YES;
				CLANG_WARN_ENUM_CONVERSION = YES;
				CLANG_WARN_INFINITE_RECURSION = YES;
				CLANG_WARN_INT_CONVERSION = YES;
				CLANG_WARN_NON_LITERAL_NULL_CONVERSION = YES;
				CLANG_WARN_OBJC_IMPLICIT_RETAIN_SELF = YES;
				CLANG_WARN_OBJC_LITERAL_CONVERSION = YES;
				CLANG_WARN_OBJC_ROOT_CLASS = YES_ERROR;
				CLANG_WARN_RANGE_LOOP_ANALYSIS = YES;
				CLANG_WARN_STRICT_PROTOTYPES = YES;
				CLANG_WARN_SUSPICIOUS_MOVE = YES;
				CLANG_WARN_UNGUARDED_AVAILABILITY = YES_AGGRESSIVE;
				CLANG_WARN_UNREACHABLE_CODE = YES;
				CLANG_WARN__DUPLICATE_METHOD_MATCH = YES;
				CODE_SIGN_IDENTITY = "iPhone Developer";
				COPY_PHASE_STRIP = NO;
				DEBUG_INFORMATION_FORMAT = dwarf;
				ENABLE_STRICT_OBJC_MSGSEND = YES;
				ENABLE_TESTABILITY = YES;
				GCC_C_LANGUAGE_STANDARD = gnu11;
				GCC_DYNAMIC_NO_PIC = NO;
				GCC_NO_COMMON_BLOCKS = YES;
				GCC_OPTIMIZATION_LEVEL = 0;
				GCC_PREPROCESSOR_DEFINITIONS = (
					"DEBUG=1",
					"$(inherited)",
				);
				GCC_WARN_64_TO_32_BIT_CONVERSION = YES;
				GCC_WARN_ABOUT_RETURN_TYPE = YES_ERROR;
				GCC_WARN_UNDECLARED_SELECTOR = YES;
				GCC_WARN_UNINITIALIZED_AUTOS = YES_AGGRESSIVE;
				GCC_WARN_UNUSED_FUNCTION = YES;
				GCC_WARN_UNUSED_VARIABLE = YES;
				IPHONEOS_DEPLOYMENT_TARGET = 11.4;
				MTL_ENABLE_DEBUG_INFO = YES;
				ONLY_ACTIVE_ARCH = YES;
				SDKROOT = iphoneos;
			};
			name = Debug;
		};
		E62C11B62121BD010020D199 /* Release */ = {
			isa = XCBuildConfiguration;
			buildSettings = {
				ALWAYS_SEARCH_USER_PATHS = NO;
				CLANG_ANALYZER_NONNULL = YES;
				CLANG_ANALYZER_NUMBER_OBJECT_CONVERSION = YES_AGGRESSIVE;
				CLANG_CXX_LANGUAGE_STANDARD = "gnu++14";
				CLANG_CXX_LIBRARY = "libc++";
				CLANG_ENABLE_MODULES = YES;
				CLANG_ENABLE_OBJC_ARC = YES;
				CLANG_ENABLE_OBJC_WEAK = YES;
				CLANG_WARN_BLOCK_CAPTURE_AUTORELEASING = YES;
				CLANG_WARN_BOOL_CONVERSION = YES;
				CLANG_WARN_COMMA = YES;
				CLANG_WARN_CONSTANT_CONVERSION = YES;
				CLANG_WARN_DEPRECATED_OBJC_IMPLEMENTATIONS = YES;
				CLANG_WARN_DIRECT_OBJC_ISA_USAGE = YES_ERROR;
				CLANG_WARN_DOCUMENTATION_COMMENTS = YES;
				CLANG_WARN_EMPTY_BODY = YES;
				CLANG_WARN_ENUM_CONVERSION = YES;
				CLANG_WARN_INFINITE_RECURSION = YES;
				CLANG_WARN_INT_CONVERSION = YES;
				CLANG_WARN_NON_LITERAL_NULL_CONVERSION = YES;
				CLANG_WARN_OBJC_IMPLICIT_RETAIN_SELF = YES;
				CLANG_WARN_OBJC_LITERAL_CONVERSION = YES;
				CLANG_WARN_OBJC_ROOT_CLASS = YES_ERROR;
				CLANG_WARN_RANGE_LOOP_ANALYSIS = YES;
				CLANG_WARN_STRICT_PROTOTYPES = YES;
				CLANG_WARN_SUSPICIOUS_MOVE = YES;
				CLANG_WARN_UNGUARDED_AVAILABILITY = YES_AGGRESSIVE;
				CLANG_WARN_UNREACHABLE_CODE = YES;
				CLANG_WARN__DUPLICATE_METHOD_MATCH = YES;
				CODE_SIGN_IDENTITY = "iPhone Developer";
				COPY_PHASE_STRIP = NO;
				DEBUG_INFORMATION_FORMAT = "dwarf-with-dsym";
				ENABLE_NS_ASSERTIONS = NO;
				ENABLE_STRICT_OBJC_MSGSEND = YES;
				GCC_C_LANGUAGE_STANDARD = gnu11;
				GCC_NO_COMMON_BLOCKS = YES;
				GCC_WARN_64_TO_32_BIT_CONVERSION = YES;
				GCC_WARN_ABOUT_RETURN_TYPE = YES_ERROR;
				GCC_WARN_UNDECLARED_SELECTOR = YES;
				GCC_WARN_UNINITIALIZED_AUTOS = YES_AGGRESSIVE;
				GCC_WARN_UNUSED_FUNCTION = YES;
				GCC_WARN_UNUSED_VARIABLE = YES;
				IPHONEOS_DEPLOYMENT_TARGET = 11.4;
				MTL_ENABLE_DEBUG_INFO = NO;
				SDKROOT = iphoneos;
				VALIDATE_PRODUCT = YES;
			};
			name = Release;
		};
		E62C11B82121BD010020D199 /* Debug */ = {
			isa = XCBuildConfiguration;
			buildSettings = {
				ASSETCATALOG_COMPILER_APPICON_NAME = AppIcon;
				CODE_SIGN_STYLE = Automatic;
				DEVELOPMENT_TEAM = JQ65Q8X2ZJ;
				GCC_INPUT_FILETYPE = automatic;
				INFOPLIST_FILE = "$(SRCROOT)/PXYFMWK/Info.plist";
				LD_RUNPATH_SEARCH_PATHS = (
					"$(inherited)",
					"@executable_path/Frameworks",
				);
				PRODUCT_BUNDLE_IDENTIFIER = pengxuyuan.FXYFMWK;
				PRODUCT_NAME = "$(TARGET_NAME)";
				TARGETED_DEVICE_FAMILY = "1,2";
			};
			name = Debug;
		};
		E62C11B92121BD010020D199 /* Release */ = {
			isa = XCBuildConfiguration;
			buildSettings = {
				ASSETCATALOG_COMPILER_APPICON_NAME = AppIcon;
				CODE_SIGN_STYLE = Automatic;
				DEVELOPMENT_TEAM = JQ65Q8X2ZJ;
				GCC_INPUT_FILETYPE = automatic;
				INFOPLIST_FILE = "$(SRCROOT)/PXYFMWK/Info.plist";
				LD_RUNPATH_SEARCH_PATHS = (
					"$(inherited)",
					"@executable_path/Frameworks",
				);
				PRODUCT_BUNDLE_IDENTIFIER = pengxuyuan.FXYFMWK;
				PRODUCT_NAME = "$(TARGET_NAME)";
				TARGETED_DEVICE_FAMILY = "1,2";
			};
			name = Release;
		};
/* End XCBuildConfiguration section */

/* Begin XCConfigurationList section */
		E61EA88B213D16C300394FFF /* Build configuration list for PBXNativeTarget "PXYFMWKDYLIB" */ = {
			isa = XCConfigurationList;
			buildConfigurations = (
				E61EA889213D16C300394FFF /* Debug */,
				E61EA88A213D16C300394FFF /* Release */,
			);
			defaultConfigurationIsVisible = 0;
			defaultConfigurationName = Release;
		};
		E61EA8BF213D4FB800394FFF /* Build configuration list for PBXNativeTarget "PXYFMWKLib" */ = {
			isa = XCConfigurationList;
			buildConfigurations = (
				E61EA8C0213D4FB800394FFF /* Debug */,
				E61EA8C1213D4FB800394FFF /* Release */,
			);
			defaultConfigurationIsVisible = 0;
			defaultConfigurationName = Release;
		};
		E62C119C2121BCFF0020D199 /* Build configuration list for PBXProject "PXYFMWK" */ = {
			isa = XCConfigurationList;
			buildConfigurations = (
				E62C11B52121BD010020D199 /* Debug */,
				E62C11B62121BD010020D199 /* Release */,
			);
			defaultConfigurationIsVisible = 0;
			defaultConfigurationName = Release;
		};
		E62C11B72121BD010020D199 /* Build configuration list for PBXNativeTarget "PXYFMWK" */ = {
			isa = XCConfigurationList;
			buildConfigurations = (
				E62C11B82121BD010020D199 /* Debug */,
				E62C11B92121BD010020D199 /* Release */,
			);
			defaultConfigurationIsVisible = 0;
			defaultConfigurationName = Release;
		};
/* End XCConfigurationList section */
	};
	rootObject = E62C11992121BCFF0020D199 /* Project object */;
}
