// !$*UTF8*$!
{
	archiveVersion = 1;
	classes = {
	};
	objectVersion = 50;
	objects = {

/* Begin PBXBuildFile section */
		28DAE1148854376F2321414F /* libPods-PXYFMWKTest.a in Frameworks */ = {isa = PBXBuildFile; fileRef = 016A70C038F7F2333590465C /* libPods-PXYFMWKTest.a */; };
		E6011F7C21AFFB0D00FE7D3F /* Person.m in Sources */ = {isa = PBXBuildFile; fileRef = E6011F7B21AFFB0D00FE7D3F /* Person.m */; };
		E6011F7F21AFFB4600FE7D3F /* Son.m in Sources */ = {isa = PBXBuildFile; fileRef = E6011F7E21AFFB4600FE7D3F /* Son.m */; };
		E60815C62177261E00C7D241 /* UIResponder+PXYRouter.m in Sources */ = {isa = PBXBuildFile; fileRef = E60815C52177261E00C7D241 /* UIResponder+PXYRouter.m */; };
		E60815C92177291B00C7D241 /* AImageView.m in Sources */ = {isa = PBXBuildFile; fileRef = E60815C82177291B00C7D241 /* AImageView.m */; };
		E60B971D216F55B900F43B27 /* PXYDesHelper.m in Sources */ = {isa = PBXBuildFile; fileRef = E60B971C216F55B900F43B27 /* PXYDesHelper.m */; };
		E61705632170947C00EDAF1E /* PXYBase64Helper.m in Sources */ = {isa = PBXBuildFile; fileRef = E61705622170947C00EDAF1E /* PXYBase64Helper.m */; };
		E6180E47219C02E900C221F7 /* TestViewController.m in Sources */ = {isa = PBXBuildFile; fileRef = E6180E46219C02E900C221F7 /* TestViewController.m */; };
		E61EA7B121379B9D00394FFF /* Assets.xcassets in Resources */ = {isa = PBXBuildFile; fileRef = E61EA75C21379B9D00394FFF /* Assets.xcassets */; };
		E61EA7B221379B9D00394FFF /* ViewController.m in Sources */ = {isa = PBXBuildFile; fileRef = E61EA75D21379B9D00394FFF /* ViewController.m */; };
		E61EA7B321379B9D00394FFF /* LaunchScreen.storyboard in Resources */ = {isa = PBXBuildFile; fileRef = E61EA75E21379B9D00394FFF /* LaunchScreen.storyboard */; };
		E61EA7B421379B9D00394FFF /* Main.storyboard in Resources */ = {isa = PBXBuildFile; fileRef = E61EA76021379B9D00394FFF /* Main.storyboard */; };
		E61EA7B521379B9D00394FFF /* main.m in Sources */ = {isa = PBXBuildFile; fileRef = E61EA76221379B9D00394FFF /* main.m */; };
		E61EA7B821379B9D00394FFF /* UIImageView+ImageCorner.m in Sources */ = {isa = PBXBuildFile; fileRef = E61EA76821379B9D00394FFF /* UIImageView+ImageCorner.m */; };
		E61EA7B921379B9D00394FFF /* AppDelegate.m in Sources */ = {isa = PBXBuildFile; fileRef = E61EA76A21379B9D00394FFF /* AppDelegate.m */; };
		E61EA7BA21379B9D00394FFF /* icon.jpeg in Resources */ = {isa = PBXBuildFile; fileRef = E61EA76B21379B9D00394FFF /* icon.jpeg */; };
		E61EA7BF21379B9D00394FFF /* PXYDeviceCpuHelper.m in Sources */ = {isa = PBXBuildFile; fileRef = E61EA77D21379B9D00394FFF /* PXYDeviceCpuHelper.m */; };
		E61EA7C021379B9D00394FFF /* PXYDeviceMemoryHelper.m in Sources */ = {isa = PBXBuildFile; fileRef = E61EA78021379B9D00394FFF /* PXYDeviceMemoryHelper.m */; };
		E61EA7C121379B9D00394FFF /* PXYWeakProxy.m in Sources */ = {isa = PBXBuildFile; fileRef = E61EA78421379B9D00394FFF /* PXYWeakProxy.m */; };
		E61EA7C221379B9D00394FFF /* PXYFPSHelper.m in Sources */ = {isa = PBXBuildFile; fileRef = E61EA78521379B9D00394FFF /* PXYFPSHelper.m */; };
		E61EA7C321379B9D00394FFF /* PXYMonitorDataCacheHelper.m in Sources */ = {isa = PBXBuildFile; fileRef = E61EA78821379B9D00394FFF /* PXYMonitorDataCacheHelper.m */; };
		E61EA7C421379B9D00394FFF /* PXYDataMonitorManager.m in Sources */ = {isa = PBXBuildFile; fileRef = E61EA78C21379B9D00394FFF /* PXYDataMonitorManager.m */; };
		E61EA7C521379B9D00394FFF /* hq_nav_back@2x.png in Resources */ = {isa = PBXBuildFile; fileRef = E61EA78E21379B9D00394FFF /* hq_nav_back@2x.png */; };
		E61EA7C621379B9D00394FFF /* btn_back.png in Resources */ = {isa = PBXBuildFile; fileRef = E61EA78F21379B9D00394FFF /* btn_back.png */; };
		E61EA7C721379B9D00394FFF /* hq_chart_back@2x.png in Resources */ = {isa = PBXBuildFile; fileRef = E61EA79021379B9D00394FFF /* hq_chart_back@2x.png */; };
		E61EA7C821379B9D00394FFF /* PXYMonitorManager.m in Sources */ = {isa = PBXBuildFile; fileRef = E61EA79321379B9D00394FFF /* PXYMonitorManager.m */; };
		E61EA7C921379B9D00394FFF /* PXYMonitorDataDetailController.m in Sources */ = {isa = PBXBuildFile; fileRef = E61EA79621379B9D00394FFF /* PXYMonitorDataDetailController.m */; };
		E61EA7CA21379B9D00394FFF /* PXYMonitorDataListController.m in Sources */ = {isa = PBXBuildFile; fileRef = E61EA79821379B9D00394FFF /* PXYMonitorDataListController.m */; };
		E61EA7CB21379B9D00394FFF /* YYDiskCache.m in Sources */ = {isa = PBXBuildFile; fileRef = E61EA79B21379B9D00394FFF /* YYDiskCache.m */; };
		E61EA7CC21379B9D00394FFF /* YYCache.m in Sources */ = {isa = PBXBuildFile; fileRef = E61EA79D21379B9D00394FFF /* YYCache.m */; };
		E61EA7CD21379B9D00394FFF /* YYKVStorage.m in Sources */ = {isa = PBXBuildFile; fileRef = E61EA7A121379B9D00394FFF /* YYKVStorage.m */; };
		E61EA7CE21379B9D00394FFF /* YYMemoryCache.m in Sources */ = {isa = PBXBuildFile; fileRef = E61EA7A221379B9D00394FFF /* YYMemoryCache.m */; };
		E61EA7CF21379B9D00394FFF /* BSBacktraceLogger.m in Sources */ = {isa = PBXBuildFile; fileRef = E61EA7A521379B9D00394FFF /* BSBacktraceLogger.m */; };
		E61EA7D021379B9D00394FFF /* PXYMainThreadMonitorHelper.m in Sources */ = {isa = PBXBuildFile; fileRef = E61EA7A721379B9D00394FFF /* PXYMainThreadMonitorHelper.m */; };
		E61EA7D121379B9D00394FFF /* PXYStatusBarView.m in Sources */ = {isa = PBXBuildFile; fileRef = E61EA7AA21379B9D00394FFF /* PXYStatusBarView.m */; };
		E61EA7D221379B9D00394FFF /* PXYFPSLabel.m in Sources */ = {isa = PBXBuildFile; fileRef = E61EA7AC21379B9D00394FFF /* PXYFPSLabel.m */; };
		E61EA7D321379B9D00394FFF /* Info.plist in Resources */ = {isa = PBXBuildFile; fileRef = E61EA7AE21379B9D00394FFF /* Info.plist */; };
		E61F343821B6230000F45BF6 /* RSSwizzle.m in Sources */ = {isa = PBXBuildFile; fileRef = E61F343721B622FF00F45BF6 /* RSSwizzle.m */; };
		E625CE7121B017D4005A7F14 /* Base.m in Sources */ = {isa = PBXBuildFile; fileRef = E625CE7021B017D4005A7F14 /* Base.m */; };
		E625CE7421B017E4005A7F14 /* Super.m in Sources */ = {isa = PBXBuildFile; fileRef = E625CE7321B017E4005A7F14 /* Super.m */; };
		E625CE7721B017F1005A7F14 /* Child.m in Sources */ = {isa = PBXBuildFile; fileRef = E625CE7621B017F1005A7F14 /* Child.m */; };
		E625CE7A21B01BE1005A7F14 /* Person+PXY.m in Sources */ = {isa = PBXBuildFile; fileRef = E625CE7921B01BE1005A7F14 /* Person+PXY.m */; };
		E625CE7D21B01BEB005A7F14 /* Son+PXY.m in Sources */ = {isa = PBXBuildFile; fileRef = E625CE7C21B01BEB005A7F14 /* Son+PXY.m */; };
		E635911721A7CC8F008D534B /* UIImageView+CornerRadius.m in Sources */ = {isa = PBXBuildFile; fileRef = E635911521A7CC8E008D534B /* UIImageView+CornerRadius.m */; };
		E635911921A7D108008D534B /* 1111.png in Resources */ = {isa = PBXBuildFile; fileRef = E635911821A7D108008D534B /* 1111.png */; };
		E635911B21A7D226008D534B /* 222.png in Resources */ = {isa = PBXBuildFile; fileRef = E635911A21A7D225008D534B /* 222.png */; };
		E636FD99213E24DB00B50A74 /* PXYFMWKDYLIB.framework in Frameworks */ = {isa = PBXBuildFile; fileRef = E636FD98213E24DB00B50A74 /* PXYFMWKDYLIB.framework */; };
		E636FD9A213E24DB00B50A74 /* PXYFMWKDYLIB.framework in Embed Frameworks */ = {isa = PBXBuildFile; fileRef = E636FD98213E24DB00B50A74 /* PXYFMWKDYLIB.framework */; settings = {ATTRIBUTES = (CodeSignOnCopy, RemoveHeadersOnCopy, ); }; };
		E63ADEE5217976B3000104F4 /* NSData+PXYFileType.m in Sources */ = {isa = PBXBuildFile; fileRef = E63ADEE4217976B3000104F4 /* NSData+PXYFileType.m */; };
		E63ADEE721797F15000104F4 /* icon1.png in Resources */ = {isa = PBXBuildFile; fileRef = E63ADEE621797F15000104F4 /* icon1.png */; };
		E63ADEED21798401000104F4 /* NSData+ImageContentType.m in Sources */ = {isa = PBXBuildFile; fileRef = E63ADEEB21798400000104F4 /* NSData+ImageContentType.m */; };
		E663CB85215250B000D0304F /* NSObject+DLIntrospection.m in Sources */ = {isa = PBXBuildFile; fileRef = E663CB84215250B000D0304F /* NSObject+DLIntrospection.m */; };
		E67DEA732154D95500AE5895 /* JSPatchPlatform.framework in Frameworks */ = {isa = PBXBuildFile; fileRef = E67DEA722154D95400AE5895 /* JSPatchPlatform.framework */; };
		E67DEA752154D9C200AE5895 /* JavaScriptCore.framework in Frameworks */ = {isa = PBXBuildFile; fileRef = E67DEA742154D9C100AE5895 /* JavaScriptCore.framework */; };
		E67DEA792154E66400AE5895 /* Aspects.m in Sources */ = {isa = PBXBuildFile; fileRef = E67DEA782154E66300AE5895 /* Aspects.m */; };
		E692FA4421B7D2C9008F6C68 /* TestView.m in Sources */ = {isa = PBXBuildFile; fileRef = E692FA4321B7D2C9008F6C68 /* TestView.m */; };
		E692FA4721B7D2D7008F6C68 /* TestLayer.m in Sources */ = {isa = PBXBuildFile; fileRef = E692FA4621B7D2D7008F6C68 /* TestLayer.m */; };
		E6D62F96217587CE005554AF /* PXYHashHelper.m in Sources */ = {isa = PBXBuildFile; fileRef = E6D62F95217587CE005554AF /* PXYHashHelper.m */; };
/* End PBXBuildFile section */

/* Begin PBXContainerItemProxy section */
		E61EA7F12137C44C00394FFF /* PBXContainerItemProxy */ = {
			isa = PBXContainerItemProxy;
			containerPortal = E61EA7EC2137C44C00394FFF /* WSLibraryFirst.xcodeproj */;
			proxyType = 2;
			remoteGlobalIDString = 89897BBE1F94F79900A98B5D;
			remoteInfo = WSLibraryFirst;
		};
		E61EA7F32137C44C00394FFF /* PBXContainerItemProxy */ = {
			isa = PBXContainerItemProxy;
			containerPortal = E61EA7EC2137C44C00394FFF /* WSLibraryFirst.xcodeproj */;
			proxyType = 2;
			remoteGlobalIDString = 89897BDD1F94FBD900A98B5D;
			remoteInfo = Lib1Resource;
		};
/* End PBXContainerItemProxy section */

/* Begin PBXCopyFilesBuildPhase section */
		E636FD9B213E24DB00B50A74 /* Embed Frameworks */ = {
			isa = PBXCopyFilesBuildPhase;
			buildActionMask = 2147483647;
			dstPath = "";
			dstSubfolderSpec = 10;
			files = (
				E636FD9A213E24DB00B50A74 /* PXYFMWKDYLIB.framework in Embed Frameworks */,
			);
			name = "Embed Frameworks";
			runOnlyForDeploymentPostprocessing = 0;
		};
/* End PBXCopyFilesBuildPhase section */

/* Begin PBXFileReference section */
		016A70C038F7F2333590465C /* libPods-PXYFMWKTest.a */ = {isa = PBXFileReference; explicitFileType = archive.ar; includeInIndex = 0; path = "libPods-PXYFMWKTest.a"; sourceTree = BUILT_PRODUCTS_DIR; };
		1A2D428996827407303DDD31 /* Pods-PXYFMWKTest.release.xcconfig */ = {isa = PBXFileReference; includeInIndex = 1; lastKnownFileType = text.xcconfig; name = "Pods-PXYFMWKTest.release.xcconfig"; path = "../Pods/Target Support Files/Pods-PXYFMWKTest/Pods-PXYFMWKTest.release.xcconfig"; sourceTree = "<group>"; };
		E6011F7A21AFFB0D00FE7D3F /* Person.h */ = {isa = PBXFileReference; lastKnownFileType = sourcecode.c.h; path = Person.h; sourceTree = "<group>"; };
		E6011F7B21AFFB0D00FE7D3F /* Person.m */ = {isa = PBXFileReference; lastKnownFileType = sourcecode.c.objc; path = Person.m; sourceTree = "<group>"; };
		E6011F7D21AFFB4600FE7D3F /* Son.h */ = {isa = PBXFileReference; lastKnownFileType = sourcecode.c.h; path = Son.h; sourceTree = "<group>"; };
		E6011F7E21AFFB4600FE7D3F /* Son.m */ = {isa = PBXFileReference; lastKnownFileType = sourcecode.c.objc; path = Son.m; sourceTree = "<group>"; };
		E60815C42177261E00C7D241 /* UIResponder+PXYRouter.h */ = {isa = PBXFileReference; lastKnownFileType = sourcecode.c.h; path = "UIResponder+PXYRouter.h"; sourceTree = "<group>"; };
		E60815C52177261E00C7D241 /* UIResponder+PXYRouter.m */ = {isa = PBXFileReference; lastKnownFileType = sourcecode.c.objc; path = "UIResponder+PXYRouter.m"; sourceTree = "<group>"; };
		E60815C72177291B00C7D241 /* AImageView.h */ = {isa = PBXFileReference; lastKnownFileType = sourcecode.c.h; path = AImageView.h; sourceTree = "<group>"; };
		E60815C82177291B00C7D241 /* AImageView.m */ = {isa = PBXFileReference; lastKnownFileType = sourcecode.c.objc; path = AImageView.m; sourceTree = "<group>"; };
		E60B971B216F55B900F43B27 /* PXYDesHelper.h */ = {isa = PBXFileReference; lastKnownFileType = sourcecode.c.h; path = PXYDesHelper.h; sourceTree = "<group>"; };
		E60B971C216F55B900F43B27 /* PXYDesHelper.m */ = {isa = PBXFileReference; lastKnownFileType = sourcecode.c.objc; path = PXYDesHelper.m; sourceTree = "<group>"; };
		E61705612170947C00EDAF1E /* PXYBase64Helper.h */ = {isa = PBXFileReference; lastKnownFileType = sourcecode.c.h; path = PXYBase64Helper.h; sourceTree = "<group>"; };
		E61705622170947C00EDAF1E /* PXYBase64Helper.m */ = {isa = PBXFileReference; lastKnownFileType = sourcecode.c.objc; path = PXYBase64Helper.m; sourceTree = "<group>"; };
		E6180E45219C02E900C221F7 /* TestViewController.h */ = {isa = PBXFileReference; lastKnownFileType = sourcecode.c.h; path = TestViewController.h; sourceTree = "<group>"; };
		E6180E46219C02E900C221F7 /* TestViewController.m */ = {isa = PBXFileReference; lastKnownFileType = sourcecode.c.objc; path = TestViewController.m; sourceTree = "<group>"; };
		E61EA75A21379B9D00394FFF /* AppDelegate.h */ = {isa = PBXFileReference; fileEncoding = 4; lastKnownFileType = sourcecode.c.h; path = AppDelegate.h; sourceTree = "<group>"; };
		E61EA75C21379B9D00394FFF /* Assets.xcassets */ = {isa = PBXFileReference; lastKnownFileType = folder.assetcatalog; path = Assets.xcassets; sourceTree = "<group>"; };
		E61EA75D21379B9D00394FFF /* ViewController.m */ = {isa = PBXFileReference; fileEncoding = 4; lastKnownFileType = sourcecode.c.objc; path = ViewController.m; sourceTree = "<group>"; };
		E61EA75F21379B9D00394FFF /* Base */ = {isa = PBXFileReference; lastKnownFileType = file.storyboard; name = Base; path = Base.lproj/LaunchScreen.storyboard; sourceTree = "<group>"; };
		E61EA76121379B9D00394FFF /* Base */ = {isa = PBXFileReference; lastKnownFileType = file.storyboard; name = Base; path = Base.lproj/Main.storyboard; sourceTree = "<group>"; };
		E61EA76221379B9D00394FFF /* main.m */ = {isa = PBXFileReference; fileEncoding = 4; lastKnownFileType = sourcecode.c.objc; path = main.m; sourceTree = "<group>"; };
		E61EA76821379B9D00394FFF /* UIImageView+ImageCorner.m */ = {isa = PBXFileReference; fileEncoding = 4; lastKnownFileType = sourcecode.c.objc; path = "UIImageView+ImageCorner.m"; sourceTree = "<group>"; };
		E61EA76921379B9D00394FFF /* UIImageView+ImageCorner.h */ = {isa = PBXFileReference; fileEncoding = 4; lastKnownFileType = sourcecode.c.h; path = "UIImageView+ImageCorner.h"; sourceTree = "<group>"; };
		E61EA76A21379B9D00394FFF /* AppDelegate.m */ = {isa = PBXFileReference; fileEncoding = 4; lastKnownFileType = sourcecode.c.objc; path = AppDelegate.m; sourceTree = "<group>"; };
		E61EA76B21379B9D00394FFF /* icon.jpeg */ = {isa = PBXFileReference; lastKnownFileType = image.jpeg; path = icon.jpeg; sourceTree = "<group>"; };
		E61EA77C21379B9D00394FFF /* PXYDeviceCpuHelper.h */ = {isa = PBXFileReference; fileEncoding = 4; lastKnownFileType = sourcecode.c.h; path = PXYDeviceCpuHelper.h; sourceTree = "<group>"; };
		E61EA77D21379B9D00394FFF /* PXYDeviceCpuHelper.m */ = {isa = PBXFileReference; fileEncoding = 4; lastKnownFileType = sourcecode.c.objc; path = PXYDeviceCpuHelper.m; sourceTree = "<group>"; };
		E61EA77F21379B9D00394FFF /* PXYDeviceMemoryHelper.h */ = {isa = PBXFileReference; fileEncoding = 4; lastKnownFileType = sourcecode.c.h; path = PXYDeviceMemoryHelper.h; sourceTree = "<group>"; };
		E61EA78021379B9D00394FFF /* PXYDeviceMemoryHelper.m */ = {isa = PBXFileReference; fileEncoding = 4; lastKnownFileType = sourcecode.c.objc; path = PXYDeviceMemoryHelper.m; sourceTree = "<group>"; };
		E61EA78221379B9D00394FFF /* PXYFPSHelper.h */ = {isa = PBXFileReference; fileEncoding = 4; lastKnownFileType = sourcecode.c.h; path = PXYFPSHelper.h; sourceTree = "<group>"; };
		E61EA78321379B9D00394FFF /* PXYWeakProxy.h */ = {isa = PBXFileReference; fileEncoding = 4; lastKnownFileType = sourcecode.c.h; path = PXYWeakProxy.h; sourceTree = "<group>"; };
		E61EA78421379B9D00394FFF /* PXYWeakProxy.m */ = {isa = PBXFileReference; fileEncoding = 4; lastKnownFileType = sourcecode.c.objc; path = PXYWeakProxy.m; sourceTree = "<group>"; };
		E61EA78521379B9D00394FFF /* PXYFPSHelper.m */ = {isa = PBXFileReference; fileEncoding = 4; lastKnownFileType = sourcecode.c.objc; path = PXYFPSHelper.m; sourceTree = "<group>"; };
		E61EA78821379B9D00394FFF /* PXYMonitorDataCacheHelper.m */ = {isa = PBXFileReference; fileEncoding = 4; lastKnownFileType = sourcecode.c.objc; path = PXYMonitorDataCacheHelper.m; sourceTree = "<group>"; };
		E61EA78921379B9D00394FFF /* PXYMonitorDataCacheHelper.h */ = {isa = PBXFileReference; fileEncoding = 4; lastKnownFileType = sourcecode.c.h; path = PXYMonitorDataCacheHelper.h; sourceTree = "<group>"; };
		E61EA78B21379B9D00394FFF /* PXYDataMonitorManager.h */ = {isa = PBXFileReference; fileEncoding = 4; lastKnownFileType = sourcecode.c.h; path = PXYDataMonitorManager.h; sourceTree = "<group>"; };
		E61EA78C21379B9D00394FFF /* PXYDataMonitorManager.m */ = {isa = PBXFileReference; fileEncoding = 4; lastKnownFileType = sourcecode.c.objc; path = PXYDataMonitorManager.m; sourceTree = "<group>"; };
		E61EA78E21379B9D00394FFF /* hq_nav_back@2x.png */ = {isa = PBXFileReference; lastKnownFileType = image.png; path = "hq_nav_back@2x.png"; sourceTree = "<group>"; };
		E61EA78F21379B9D00394FFF /* btn_back.png */ = {isa = PBXFileReference; lastKnownFileType = image.png; path = btn_back.png; sourceTree = "<group>"; };
		E61EA79021379B9D00394FFF /* hq_chart_back@2x.png */ = {isa = PBXFileReference; lastKnownFileType = image.png; path = "hq_chart_back@2x.png"; sourceTree = "<group>"; };
		E61EA79221379B9D00394FFF /* PXYMonitorManager.h */ = {isa = PBXFileReference; fileEncoding = 4; lastKnownFileType = sourcecode.c.h; path = PXYMonitorManager.h; sourceTree = "<group>"; };
		E61EA79321379B9D00394FFF /* PXYMonitorManager.m */ = {isa = PBXFileReference; fileEncoding = 4; lastKnownFileType = sourcecode.c.objc; path = PXYMonitorManager.m; sourceTree = "<group>"; };
		E61EA79521379B9D00394FFF /* PXYMonitorDataListController.h */ = {isa = PBXFileReference; fileEncoding = 4; lastKnownFileType = sourcecode.c.h; path = PXYMonitorDataListController.h; sourceTree = "<group>"; };
		E61EA79621379B9D00394FFF /* PXYMonitorDataDetailController.m */ = {isa = PBXFileReference; fileEncoding = 4; lastKnownFileType = sourcecode.c.objc; path = PXYMonitorDataDetailController.m; sourceTree = "<group>"; };
		E61EA79721379B9D00394FFF /* PXYMonitorDataDetailController.h */ = {isa = PBXFileReference; fileEncoding = 4; lastKnownFileType = sourcecode.c.h; path = PXYMonitorDataDetailController.h; sourceTree = "<group>"; };
		E61EA79821379B9D00394FFF /* PXYMonitorDataListController.m */ = {isa = PBXFileReference; fileEncoding = 4; lastKnownFileType = sourcecode.c.objc; path = PXYMonitorDataListController.m; sourceTree = "<group>"; };
		E61EA79B21379B9D00394FFF /* YYDiskCache.m */ = {isa = PBXFileReference; fileEncoding = 4; lastKnownFileType = sourcecode.c.objc; path = YYDiskCache.m; sourceTree = "<group>"; };
		E61EA79C21379B9D00394FFF /* YYKVStorage.h */ = {isa = PBXFileReference; fileEncoding = 4; lastKnownFileType = sourcecode.c.h; path = YYKVStorage.h; sourceTree = "<group>"; };
		E61EA79D21379B9D00394FFF /* YYCache.m */ = {isa = PBXFileReference; fileEncoding = 4; lastKnownFileType = sourcecode.c.objc; path = YYCache.m; sourceTree = "<group>"; };
		E61EA79E21379B9D00394FFF /* YYMemoryCache.h */ = {isa = PBXFileReference; fileEncoding = 4; lastKnownFileType = sourcecode.c.h; path = YYMemoryCache.h; sourceTree = "<group>"; };
		E61EA79F21379B9D00394FFF /* YYDiskCache.h */ = {isa = PBXFileReference; fileEncoding = 4; lastKnownFileType = sourcecode.c.h; path = YYDiskCache.h; sourceTree = "<group>"; };
		E61EA7A021379B9D00394FFF /* YYCache.h */ = {isa = PBXFileReference; fileEncoding = 4; lastKnownFileType = sourcecode.c.h; path = YYCache.h; sourceTree = "<group>"; };
		E61EA7A121379B9D00394FFF /* YYKVStorage.m */ = {isa = PBXFileReference; fileEncoding = 4; lastKnownFileType = sourcecode.c.objc; path = YYKVStorage.m; sourceTree = "<group>"; };
		E61EA7A221379B9D00394FFF /* YYMemoryCache.m */ = {isa = PBXFileReference; fileEncoding = 4; lastKnownFileType = sourcecode.c.objc; path = YYMemoryCache.m; sourceTree = "<group>"; };
		E61EA7A421379B9D00394FFF /* BSBacktraceLogger.h */ = {isa = PBXFileReference; fileEncoding = 4; lastKnownFileType = sourcecode.c.h; path = BSBacktraceLogger.h; sourceTree = "<group>"; };
		E61EA7A521379B9D00394FFF /* BSBacktraceLogger.m */ = {isa = PBXFileReference; fileEncoding = 4; lastKnownFileType = sourcecode.c.objc; path = BSBacktraceLogger.m; sourceTree = "<group>"; };
		E61EA7A721379B9D00394FFF /* PXYMainThreadMonitorHelper.m */ = {isa = PBXFileReference; fileEncoding = 4; lastKnownFileType = sourcecode.c.objc; path = PXYMainThreadMonitorHelper.m; sourceTree = "<group>"; };
		E61EA7A821379B9D00394FFF /* PXYMainThreadMonitorHelper.h */ = {isa = PBXFileReference; fileEncoding = 4; lastKnownFileType = sourcecode.c.h; path = PXYMainThreadMonitorHelper.h; sourceTree = "<group>"; };
		E61EA7AA21379B9D00394FFF /* PXYStatusBarView.m */ = {isa = PBXFileReference; fileEncoding = 4; lastKnownFileType = sourcecode.c.objc; path = PXYStatusBarView.m; sourceTree = "<group>"; };
		E61EA7AB21379B9D00394FFF /* PXYFPSLabel.h */ = {isa = PBXFileReference; fileEncoding = 4; lastKnownFileType = sourcecode.c.h; path = PXYFPSLabel.h; sourceTree = "<group>"; };
		E61EA7AC21379B9D00394FFF /* PXYFPSLabel.m */ = {isa = PBXFileReference; fileEncoding = 4; lastKnownFileType = sourcecode.c.objc; path = PXYFPSLabel.m; sourceTree = "<group>"; };
		E61EA7AD21379B9D00394FFF /* PXYStatusBarView.h */ = {isa = PBXFileReference; fileEncoding = 4; lastKnownFileType = sourcecode.c.h; path = PXYStatusBarView.h; sourceTree = "<group>"; };
		E61EA7AE21379B9D00394FFF /* Info.plist */ = {isa = PBXFileReference; fileEncoding = 4; lastKnownFileType = text.plist.xml; path = Info.plist; sourceTree = "<group>"; };
		E61EA7AF21379B9D00394FFF /* ViewController.h */ = {isa = PBXFileReference; fileEncoding = 4; lastKnownFileType = sourcecode.c.h; path = ViewController.h; sourceTree = "<group>"; };
		E61EA7EC2137C44C00394FFF /* WSLibraryFirst.xcodeproj */ = {isa = PBXFileReference; lastKnownFileType = "wrapper.pb-project"; name = WSLibraryFirst.xcodeproj; path = ../PXYWorkSpace/WSLibraryFirst/WSLibraryFirst.xcodeproj; sourceTree = "<group>"; };
		E61EA7F52137C55000394FFF /* libPXYFWMKLib.a */ = {isa = PBXFileReference; explicitFileType = archive.ar; path = libPXYFWMKLib.a; sourceTree = BUILT_PRODUCTS_DIR; };
		E61EA8142137CDF000394FFF /* libPXYFMWKLib.a */ = {isa = PBXFileReference; explicitFileType = archive.ar; path = libPXYFMWKLib.a; sourceTree = BUILT_PRODUCTS_DIR; };
		E61EA869213CDDB600394FFF /* libPXYFMWKLib.a */ = {isa = PBXFileReference; explicitFileType = archive.ar; path = libPXYFMWKLib.a; sourceTree = BUILT_PRODUCTS_DIR; };
		E61EA8B1213D4EA700394FFF /* PXYFMWKDYLIB.framework */ = {isa = PBXFileReference; explicitFileType = wrapper.framework; path = PXYFMWKDYLIB.framework; sourceTree = BUILT_PRODUCTS_DIR; };
		E61EA8C4213D506900394FFF /* libPXYFMWKLib.a */ = {isa = PBXFileReference; explicitFileType = archive.ar; path = libPXYFMWKLib.a; sourceTree = BUILT_PRODUCTS_DIR; };
		E61F343621B622FF00F45BF6 /* RSSwizzle.h */ = {isa = PBXFileReference; fileEncoding = 4; lastKnownFileType = sourcecode.c.h; path = RSSwizzle.h; sourceTree = "<group>"; };
		E61F343721B622FF00F45BF6 /* RSSwizzle.m */ = {isa = PBXFileReference; fileEncoding = 4; lastKnownFileType = sourcecode.c.objc; path = RSSwizzle.m; sourceTree = "<group>"; };
		E6225A052112FE36003BFE79 /* PXYFMWKTest.app */ = {isa = PBXFileReference; explicitFileType = wrapper.application; includeInIndex = 0; path = PXYFMWKTest.app; sourceTree = BUILT_PRODUCTS_DIR; };
		E625CE6F21B017D4005A7F14 /* Base.h */ = {isa = PBXFileReference; lastKnownFileType = sourcecode.c.h; path = Base.h; sourceTree = "<group>"; };
		E625CE7021B017D4005A7F14 /* Base.m */ = {isa = PBXFileReference; lastKnownFileType = sourcecode.c.objc; path = Base.m; sourceTree = "<group>"; };
		E625CE7221B017E4005A7F14 /* Super.h */ = {isa = PBXFileReference; lastKnownFileType = sourcecode.c.h; path = Super.h; sourceTree = "<group>"; };
		E625CE7321B017E4005A7F14 /* Super.m */ = {isa = PBXFileReference; lastKnownFileType = sourcecode.c.objc; path = Super.m; sourceTree = "<group>"; };
		E625CE7521B017F1005A7F14 /* Child.h */ = {isa = PBXFileReference; lastKnownFileType = sourcecode.c.h; path = Child.h; sourceTree = "<group>"; };
		E625CE7621B017F1005A7F14 /* Child.m */ = {isa = PBXFileReference; lastKnownFileType = sourcecode.c.objc; path = Child.m; sourceTree = "<group>"; };
		E625CE7821B01BE1005A7F14 /* Person+PXY.h */ = {isa = PBXFileReference; lastKnownFileType = sourcecode.c.h; path = "Person+PXY.h"; sourceTree = "<group>"; };
		E625CE7921B01BE1005A7F14 /* Person+PXY.m */ = {isa = PBXFileReference; lastKnownFileType = sourcecode.c.objc; path = "Person+PXY.m"; sourceTree = "<group>"; };
		E625CE7B21B01BEB005A7F14 /* Son+PXY.h */ = {isa = PBXFileReference; lastKnownFileType = sourcecode.c.h; path = "Son+PXY.h"; sourceTree = "<group>"; };
		E625CE7C21B01BEB005A7F14 /* Son+PXY.m */ = {isa = PBXFileReference; lastKnownFileType = sourcecode.c.objc; path = "Son+PXY.m"; sourceTree = "<group>"; };
		E635911521A7CC8E008D534B /* UIImageView+CornerRadius.m */ = {isa = PBXFileReference; fileEncoding = 4; lastKnownFileType = sourcecode.c.objc; path = "UIImageView+CornerRadius.m"; sourceTree = "<group>"; };
		E635911621A7CC8E008D534B /* UIImageView+CornerRadius.h */ = {isa = PBXFileReference; fileEncoding = 4; lastKnownFileType = sourcecode.c.h; path = "UIImageView+CornerRadius.h"; sourceTree = "<group>"; };
		E635911821A7D108008D534B /* 1111.png */ = {isa = PBXFileReference; lastKnownFileType = image.png; path = 1111.png; sourceTree = "<group>"; };
		E635911A21A7D225008D534B /* 222.png */ = {isa = PBXFileReference; lastKnownFileType = image.png; path = 222.png; sourceTree = "<group>"; };
		E636FD98213E24DB00B50A74 /* PXYFMWKDYLIB.framework */ = {isa = PBXFileReference; explicitFileType = wrapper.framework; path = PXYFMWKDYLIB.framework; sourceTree = BUILT_PRODUCTS_DIR; };
		E63ADEE3217976B3000104F4 /* NSData+PXYFileType.h */ = {isa = PBXFileReference; lastKnownFileType = sourcecode.c.h; path = "NSData+PXYFileType.h"; sourceTree = "<group>"; };
		E63ADEE4217976B3000104F4 /* NSData+PXYFileType.m */ = {isa = PBXFileReference; lastKnownFileType = sourcecode.c.objc; path = "NSData+PXYFileType.m"; sourceTree = "<group>"; };
		E63ADEE621797F15000104F4 /* icon1.png */ = {isa = PBXFileReference; lastKnownFileType = image.png; path = icon1.png; sourceTree = "<group>"; };
		E63ADEEB21798400000104F4 /* NSData+ImageContentType.m */ = {isa = PBXFileReference; fileEncoding = 4; lastKnownFileType = sourcecode.c.objc; path = "NSData+ImageContentType.m"; sourceTree = "<group>"; };
		E63ADEEC21798401000104F4 /* NSData+ImageContentType.h */ = {isa = PBXFileReference; fileEncoding = 4; lastKnownFileType = sourcecode.c.h; path = "NSData+ImageContentType.h"; sourceTree = "<group>"; };
		E663CB83215250B000D0304F /* NSObject+DLIntrospection.h */ = {isa = PBXFileReference; fileEncoding = 4; lastKnownFileType = sourcecode.c.h; path = "NSObject+DLIntrospection.h"; sourceTree = "<group>"; };
		E663CB84215250B000D0304F /* NSObject+DLIntrospection.m */ = {isa = PBXFileReference; fileEncoding = 4; lastKnownFileType = sourcecode.c.objc; path = "NSObject+DLIntrospection.m"; sourceTree = "<group>"; };
		E663CB862152551000D0304F /* libsystem_blocks.dylib */ = {isa = PBXFileReference; explicitFileType = "compiled.mach-o.dylib"; path = libsystem_blocks.dylib; sourceTree = BUILT_PRODUCTS_DIR; };
		E67DEA722154D95400AE5895 /* JSPatchPlatform.framework */ = {isa = PBXFileReference; lastKnownFileType = wrapper.framework; path = JSPatchPlatform.framework; sourceTree = "<group>"; };
		E67DEA742154D9C100AE5895 /* JavaScriptCore.framework */ = {isa = PBXFileReference; lastKnownFileType = wrapper.framework; name = JavaScriptCore.framework; path = System/Library/Frameworks/JavaScriptCore.framework; sourceTree = SDKROOT; };
		E67DEA772154E66300AE5895 /* Aspects.h */ = {isa = PBXFileReference; fileEncoding = 4; lastKnownFileType = sourcecode.c.h; path = Aspects.h; sourceTree = "<group>"; };
		E67DEA782154E66300AE5895 /* Aspects.m */ = {isa = PBXFileReference; fileEncoding = 4; lastKnownFileType = sourcecode.c.objc; path = Aspects.m; sourceTree = "<group>"; };
		E692FA4221B7D2C9008F6C68 /* TestView.h */ = {isa = PBXFileReference; lastKnownFileType = sourcecode.c.h; path = TestView.h; sourceTree = "<group>"; };
		E692FA4321B7D2C9008F6C68 /* TestView.m */ = {isa = PBXFileReference; lastKnownFileType = sourcecode.c.objc; path = TestView.m; sourceTree = "<group>"; };
		E692FA4521B7D2D7008F6C68 /* TestLayer.h */ = {isa = PBXFileReference; lastKnownFileType = sourcecode.c.h; path = TestLayer.h; sourceTree = "<group>"; };
		E692FA4621B7D2D7008F6C68 /* TestLayer.m */ = {isa = PBXFileReference; lastKnownFileType = sourcecode.c.objc; path = TestLayer.m; sourceTree = "<group>"; };
		E6D62F94217587CE005554AF /* PXYHashHelper.h */ = {isa = PBXFileReference; lastKnownFileType = sourcecode.c.h; path = PXYHashHelper.h; sourceTree = "<group>"; };
		E6D62F95217587CE005554AF /* PXYHashHelper.m */ = {isa = PBXFileReference; lastKnownFileType = sourcecode.c.objc; path = PXYHashHelper.m; sourceTree = "<group>"; };
		F1D220B63AF65D2AD97FF878 /* Pods-PXYFMWKTest.debug.xcconfig */ = {isa = PBXFileReference; includeInIndex = 1; lastKnownFileType = text.xcconfig; name = "Pods-PXYFMWKTest.debug.xcconfig"; path = "../Pods/Target Support Files/Pods-PXYFMWKTest/Pods-PXYFMWKTest.debug.xcconfig"; sourceTree = "<group>"; };
/* End PBXFileReference section */

/* Begin PBXFrameworksBuildPhase section */
		E6225A022112FE36003BFE79 /* Frameworks */ = {
			isa = PBXFrameworksBuildPhase;
			buildActionMask = 2147483647;
			files = (
				E67DEA752154D9C200AE5895 /* JavaScriptCore.framework in Frameworks */,
				E636FD99213E24DB00B50A74 /* PXYFMWKDYLIB.framework in Frameworks */,
				E67DEA732154D95500AE5895 /* JSPatchPlatform.framework in Frameworks */,
				28DAE1148854376F2321414F /* libPods-PXYFMWKTest.a in Frameworks */,
			);
			runOnlyForDeploymentPostprocessing = 0;
		};
/* End PBXFrameworksBuildPhase section */

/* Begin PBXGroup section */
		6A1DAC3C04364C3590A2CD5B /* Pods */ = {
			isa = PBXGroup;
			children = (
				F1D220B63AF65D2AD97FF878 /* Pods-PXYFMWKTest.debug.xcconfig */,
				1A2D428996827407303DDD31 /* Pods-PXYFMWKTest.release.xcconfig */,
			);
			name = Pods;
			sourceTree = "<group>";
		};
		E60815C32177260900C7D241 /* PXYRouter */ = {
			isa = PBXGroup;
			children = (
				E60815C42177261E00C7D241 /* UIResponder+PXYRouter.h */,
				E60815C52177261E00C7D241 /* UIResponder+PXYRouter.m */,
			);
			path = PXYRouter;
			sourceTree = "<group>";
		};
		E60B971A216F55A500F43B27 /* Cryptography */ = {
			isa = PBXGroup;
			children = (
				E6D62F94217587CE005554AF /* PXYHashHelper.h */,
				E6D62F95217587CE005554AF /* PXYHashHelper.m */,
				E61705612170947C00EDAF1E /* PXYBase64Helper.h */,
				E61705622170947C00EDAF1E /* PXYBase64Helper.m */,
				E60B971B216F55B900F43B27 /* PXYDesHelper.h */,
				E60B971C216F55B900F43B27 /* PXYDesHelper.m */,
			);
			path = Cryptography;
			sourceTree = "<group>";
		};
		E61EA75621379B9D00394FFF /* PXYFMWKTest */ = {
			isa = PBXGroup;
			children = (
				E63ADEE22179769D000104F4 /* PXYFileType */,
				E60815C32177260900C7D241 /* PXYRouter */,
				E60B971A216F55A500F43B27 /* Cryptography */,
				E67DEA762154E66300AE5895 /* Aspects */,
				E67DEA722154D95400AE5895 /* JSPatchPlatform.framework */,
				E663CB82215250B000D0304F /* DLIntrospection */,
				E61EA77921379B9D00394FFF /* PXYPerformanceMonitor */,
				E61EA76721379B9D00394FFF /* PXYUIImageViewHelper */,
				E61EA75A21379B9D00394FFF /* AppDelegate.h */,
				E61EA76A21379B9D00394FFF /* AppDelegate.m */,
				E61EA7AF21379B9D00394FFF /* ViewController.h */,
				E61EA75D21379B9D00394FFF /* ViewController.m */,
				E6180E45219C02E900C221F7 /* TestViewController.h */,
				E6180E46219C02E900C221F7 /* TestViewController.m */,
				E692FA4221B7D2C9008F6C68 /* TestView.h */,
				E692FA4321B7D2C9008F6C68 /* TestView.m */,
				E692FA4521B7D2D7008F6C68 /* TestLayer.h */,
				E692FA4621B7D2D7008F6C68 /* TestLayer.m */,
				E6011F7A21AFFB0D00FE7D3F /* Person.h */,
				E6011F7B21AFFB0D00FE7D3F /* Person.m */,
				E625CE7821B01BE1005A7F14 /* Person+PXY.h */,
				E625CE7921B01BE1005A7F14 /* Person+PXY.m */,
				E6011F7D21AFFB4600FE7D3F /* Son.h */,
				E6011F7E21AFFB4600FE7D3F /* Son.m */,
				E625CE7B21B01BEB005A7F14 /* Son+PXY.h */,
				E625CE7C21B01BEB005A7F14 /* Son+PXY.m */,
				E625CE6F21B017D4005A7F14 /* Base.h */,
				E625CE7021B017D4005A7F14 /* Base.m */,
				E625CE7221B017E4005A7F14 /* Super.h */,
				E625CE7321B017E4005A7F14 /* Super.m */,
				E625CE7521B017F1005A7F14 /* Child.h */,
				E625CE7621B017F1005A7F14 /* Child.m */,
				E635911621A7CC8E008D534B /* UIImageView+CornerRadius.h */,
				E635911521A7CC8E008D534B /* UIImageView+CornerRadius.m */,
				E60815C72177291B00C7D241 /* AImageView.h */,
				E60815C82177291B00C7D241 /* AImageView.m */,
				E63ADEEC21798401000104F4 /* NSData+ImageContentType.h */,
				E63ADEEB21798400000104F4 /* NSData+ImageContentType.m */,
				E61F343621B622FF00F45BF6 /* RSSwizzle.h */,
				E61F343721B622FF00F45BF6 /* RSSwizzle.m */,
				E61EA75E21379B9D00394FFF /* LaunchScreen.storyboard */,
				E61EA76021379B9D00394FFF /* Main.storyboard */,
				E61EA76221379B9D00394FFF /* main.m */,
				E61EA76B21379B9D00394FFF /* icon.jpeg */,
				E63ADEE621797F15000104F4 /* icon1.png */,
				E635911821A7D108008D534B /* 1111.png */,
				E635911A21A7D225008D534B /* 222.png */,
				E61EA7AE21379B9D00394FFF /* Info.plist */,
				E61EA75C21379B9D00394FFF /* Assets.xcassets */,
			);
			path = PXYFMWKTest;
			sourceTree = "<group>";
		};
		E61EA76721379B9D00394FFF /* PXYUIImageViewHelper */ = {
			isa = PBXGroup;
			children = (
				E61EA76921379B9D00394FFF /* UIImageView+ImageCorner.h */,
				E61EA76821379B9D00394FFF /* UIImageView+ImageCorner.m */,
			);
			path = PXYUIImageViewHelper;
			sourceTree = "<group>";
		};
		E61EA77921379B9D00394FFF /* PXYPerformanceMonitor */ = {
			isa = PBXGroup;
			children = (
				E61EA77A21379B9D00394FFF /* Tools */,
				E61EA78621379B9D00394FFF /* DataProcessing */,
				E61EA78D21379B9D00394FFF /* Resources */,
				E61EA79121379B9D00394FFF /* MonitorManager */,
				E61EA79421379B9D00394FFF /* MonitorDataDetailPage */,
				E61EA79921379B9D00394FFF /* Lib */,
				E61EA7A621379B9D00394FFF /* MainThreadMonitor */,
				E61EA7A921379B9D00394FFF /* Views */,
			);
			path = PXYPerformanceMonitor;
			sourceTree = "<group>";
		};
		E61EA77A21379B9D00394FFF /* Tools */ = {
			isa = PBXGroup;
			children = (
				E61EA77B21379B9D00394FFF /* DeviceCpuHelper */,
				E61EA77E21379B9D00394FFF /* DeviceMemoryHelper */,
				E61EA78121379B9D00394FFF /* FPS */,
			);
			path = Tools;
			sourceTree = "<group>";
		};
		E61EA77B21379B9D00394FFF /* DeviceCpuHelper */ = {
			isa = PBXGroup;
			children = (
				E61EA77C21379B9D00394FFF /* PXYDeviceCpuHelper.h */,
				E61EA77D21379B9D00394FFF /* PXYDeviceCpuHelper.m */,
			);
			path = DeviceCpuHelper;
			sourceTree = "<group>";
		};
		E61EA77E21379B9D00394FFF /* DeviceMemoryHelper */ = {
			isa = PBXGroup;
			children = (
				E61EA77F21379B9D00394FFF /* PXYDeviceMemoryHelper.h */,
				E61EA78021379B9D00394FFF /* PXYDeviceMemoryHelper.m */,
			);
			path = DeviceMemoryHelper;
			sourceTree = "<group>";
		};
		E61EA78121379B9D00394FFF /* FPS */ = {
			isa = PBXGroup;
			children = (
				E61EA78221379B9D00394FFF /* PXYFPSHelper.h */,
				E61EA78521379B9D00394FFF /* PXYFPSHelper.m */,
				E61EA78321379B9D00394FFF /* PXYWeakProxy.h */,
				E61EA78421379B9D00394FFF /* PXYWeakProxy.m */,
			);
			path = FPS;
			sourceTree = "<group>";
		};
		E61EA78621379B9D00394FFF /* DataProcessing */ = {
			isa = PBXGroup;
			children = (
				E61EA78721379B9D00394FFF /* DataCache */,
				E61EA78A21379B9D00394FFF /* DataMonitorManager */,
			);
			path = DataProcessing;
			sourceTree = "<group>";
		};
		E61EA78721379B9D00394FFF /* DataCache */ = {
			isa = PBXGroup;
			children = (
				E61EA78821379B9D00394FFF /* PXYMonitorDataCacheHelper.m */,
				E61EA78921379B9D00394FFF /* PXYMonitorDataCacheHelper.h */,
			);
			path = DataCache;
			sourceTree = "<group>";
		};
		E61EA78A21379B9D00394FFF /* DataMonitorManager */ = {
			isa = PBXGroup;
			children = (
				E61EA78B21379B9D00394FFF /* PXYDataMonitorManager.h */,
				E61EA78C21379B9D00394FFF /* PXYDataMonitorManager.m */,
			);
			path = DataMonitorManager;
			sourceTree = "<group>";
		};
		E61EA78D21379B9D00394FFF /* Resources */ = {
			isa = PBXGroup;
			children = (
				E61EA78E21379B9D00394FFF /* hq_nav_back@2x.png */,
				E61EA78F21379B9D00394FFF /* btn_back.png */,
				E61EA79021379B9D00394FFF /* hq_chart_back@2x.png */,
			);
			path = Resources;
			sourceTree = "<group>";
		};
		E61EA79121379B9D00394FFF /* MonitorManager */ = {
			isa = PBXGroup;
			children = (
				E61EA79221379B9D00394FFF /* PXYMonitorManager.h */,
				E61EA79321379B9D00394FFF /* PXYMonitorManager.m */,
			);
			path = MonitorManager;
			sourceTree = "<group>";
		};
		E61EA79421379B9D00394FFF /* MonitorDataDetailPage */ = {
			isa = PBXGroup;
			children = (
				E61EA79521379B9D00394FFF /* PXYMonitorDataListController.h */,
				E61EA79621379B9D00394FFF /* PXYMonitorDataDetailController.m */,
				E61EA79721379B9D00394FFF /* PXYMonitorDataDetailController.h */,
				E61EA79821379B9D00394FFF /* PXYMonitorDataListController.m */,
			);
			path = MonitorDataDetailPage;
			sourceTree = "<group>";
		};
		E61EA79921379B9D00394FFF /* Lib */ = {
			isa = PBXGroup;
			children = (
				E61EA79A21379B9D00394FFF /* YYCache */,
				E61EA7A321379B9D00394FFF /* BSBacktraceLogger */,
			);
			path = Lib;
			sourceTree = "<group>";
		};
		E61EA79A21379B9D00394FFF /* YYCache */ = {
			isa = PBXGroup;
			children = (
				E61EA79B21379B9D00394FFF /* YYDiskCache.m */,
				E61EA79C21379B9D00394FFF /* YYKVStorage.h */,
				E61EA79D21379B9D00394FFF /* YYCache.m */,
				E61EA79E21379B9D00394FFF /* YYMemoryCache.h */,
				E61EA79F21379B9D00394FFF /* YYDiskCache.h */,
				E61EA7A021379B9D00394FFF /* YYCache.h */,
				E61EA7A121379B9D00394FFF /* YYKVStorage.m */,
				E61EA7A221379B9D00394FFF /* YYMemoryCache.m */,
			);
			path = YYCache;
			sourceTree = "<group>";
		};
		E61EA7A321379B9D00394FFF /* BSBacktraceLogger */ = {
			isa = PBXGroup;
			children = (
				E61EA7A421379B9D00394FFF /* BSBacktraceLogger.h */,
				E61EA7A521379B9D00394FFF /* BSBacktraceLogger.m */,
			);
			path = BSBacktraceLogger;
			sourceTree = "<group>";
		};
		E61EA7A621379B9D00394FFF /* MainThreadMonitor */ = {
			isa = PBXGroup;
			children = (
				E61EA7A721379B9D00394FFF /* PXYMainThreadMonitorHelper.m */,
				E61EA7A821379B9D00394FFF /* PXYMainThreadMonitorHelper.h */,
			);
			path = MainThreadMonitor;
			sourceTree = "<group>";
		};
		E61EA7A921379B9D00394FFF /* Views */ = {
			isa = PBXGroup;
			children = (
				E61EA7AA21379B9D00394FFF /* PXYStatusBarView.m */,
				E61EA7AB21379B9D00394FFF /* PXYFPSLabel.h */,
				E61EA7AC21379B9D00394FFF /* PXYFPSLabel.m */,
				E61EA7AD21379B9D00394FFF /* PXYStatusBarView.h */,
			);
			path = Views;
			sourceTree = "<group>";
		};
		E61EA7EB2137C44B00394FFF /* Frameworks */ = {
			isa = PBXGroup;
			children = (
				E67DEA742154D9C100AE5895 /* JavaScriptCore.framework */,
				E663CB862152551000D0304F /* libsystem_blocks.dylib */,
				E61EA8C4213D506900394FFF /* libPXYFMWKLib.a */,
				E61EA8B1213D4EA700394FFF /* PXYFMWKDYLIB.framework */,
				E61EA869213CDDB600394FFF /* libPXYFMWKLib.a */,
				E61EA8142137CDF000394FFF /* libPXYFMWKLib.a */,
				E61EA7F52137C55000394FFF /* libPXYFWMKLib.a */,
				E61EA7EC2137C44C00394FFF /* WSLibraryFirst.xcodeproj */,
				016A70C038F7F2333590465C /* libPods-PXYFMWKTest.a */,
			);
			name = Frameworks;
			sourceTree = "<group>";
		};
		E61EA7ED2137C44C00394FFF /* Products */ = {
			isa = PBXGroup;
			children = (
				E61EA7F22137C44C00394FFF /* libWSLibraryFirst.a */,
				E61EA7F42137C44C00394FFF /* Lib1Resource.bundle */,
			);
			name = Products;
			sourceTree = "<group>";
		};
		E62259FC2112FE36003BFE79 = {
			isa = PBXGroup;
			children = (
				E636FD98213E24DB00B50A74 /* PXYFMWKDYLIB.framework */,
				E61EA75621379B9D00394FFF /* PXYFMWKTest */,
				E6225A062112FE36003BFE79 /* Products */,
				E61EA7EB2137C44B00394FFF /* Frameworks */,
				6A1DAC3C04364C3590A2CD5B /* Pods */,
			);
			sourceTree = "<group>";
		};
		E6225A062112FE36003BFE79 /* Products */ = {
			isa = PBXGroup;
			children = (
				E6225A052112FE36003BFE79 /* PXYFMWKTest.app */,
			);
			name = Products;
			sourceTree = "<group>";
		};
		E63ADEE22179769D000104F4 /* PXYFileType */ = {
			isa = PBXGroup;
			children = (
				E63ADEE3217976B3000104F4 /* NSData+PXYFileType.h */,
				E63ADEE4217976B3000104F4 /* NSData+PXYFileType.m */,
			);
			path = PXYFileType;
			sourceTree = "<group>";
		};
		E663CB82215250B000D0304F /* DLIntrospection */ = {
			isa = PBXGroup;
			children = (
				E663CB83215250B000D0304F /* NSObject+DLIntrospection.h */,
				E663CB84215250B000D0304F /* NSObject+DLIntrospection.m */,
			);
			path = DLIntrospection;
			sourceTree = "<group>";
		};
		E67DEA762154E66300AE5895 /* Aspects */ = {
			isa = PBXGroup;
			children = (
				E67DEA772154E66300AE5895 /* Aspects.h */,
				E67DEA782154E66300AE5895 /* Aspects.m */,
			);
			path = Aspects;
			sourceTree = "<group>";
		};
/* End PBXGroup section */

/* Begin PBXNativeTarget section */
		E6225A042112FE36003BFE79 /* PXYFMWKTest */ = {
			isa = PBXNativeTarget;
			buildConfigurationList = E6225A1B2112FE39003BFE79 /* Build configuration list for PBXNativeTarget "PXYFMWKTest" */;
			buildPhases = (
				04D73324303EC21721147603 /* [CP] Check Pods Manifest.lock */,
				E6225A012112FE36003BFE79 /* Sources */,
				E6225A022112FE36003BFE79 /* Frameworks */,
				E6225A032112FE36003BFE79 /* Resources */,
				E636FD9B213E24DB00B50A74 /* Embed Frameworks */,
				BD07556D2CB2A0F2B6E1092F /* [CP] Embed Pods Frameworks */,
				4EF0D7271684C6517F72371D /* [CP] Copy Pods Resources */,
			);
			buildRules = (
			);
			dependencies = (
			);
			name = PXYFMWKTest;
			productName = ImageCorner;
			productReference = E6225A052112FE36003BFE79 /* PXYFMWKTest.app */;
			productType = "com.apple.product-type.application";
		};
/* End PBXNativeTarget section */

/* Begin PBXProject section */
		E62259FD2112FE36003BFE79 /* Project object */ = {
			isa = PBXProject;
			attributes = {
				LastUpgradeCheck = 0940;
				ORGANIZATIONNAME = Pengxuyuan;
				TargetAttributes = {
					E6225A042112FE36003BFE79 = {
						CreatedOnToolsVersion = 9.4.1;
					};
				};
			};
			buildConfigurationList = E6225A002112FE36003BFE79 /* Build configuration list for PBXProject "PXYFMWKTest" */;
			compatibilityVersion = "Xcode 9.3";
			developmentRegion = en;
			hasScannedForEncodings = 0;
			knownRegions = (
				en,
				Base,
			);
			mainGroup = E62259FC2112FE36003BFE79;
			productRefGroup = E6225A062112FE36003BFE79 /* Products */;
			projectDirPath = "";
			projectReferences = (
				{
					ProductGroup = E61EA7ED2137C44C00394FFF /* Products */;
					ProjectRef = E61EA7EC2137C44C00394FFF /* WSLibraryFirst.xcodeproj */;
				},
			);
			projectRoot = "";
			targets = (
				E6225A042112FE36003BFE79 /* PXYFMWKTest */,
			);
		};
/* End PBXProject section */

/* Begin PBXReferenceProxy section */
		E61EA7F22137C44C00394FFF /* libWSLibraryFirst.a */ = {
			isa = PBXReferenceProxy;
			fileType = archive.ar;
			path = libWSLibraryFirst.a;
			remoteRef = E61EA7F12137C44C00394FFF /* PBXContainerItemProxy */;
			sourceTree = BUILT_PRODUCTS_DIR;
		};
		E61EA7F42137C44C00394FFF /* Lib1Resource.bundle */ = {
			isa = PBXReferenceProxy;
			fileType = wrapper.cfbundle;
			path = Lib1Resource.bundle;
			remoteRef = E61EA7F32137C44C00394FFF /* PBXContainerItemProxy */;
			sourceTree = BUILT_PRODUCTS_DIR;
		};
/* End PBXReferenceProxy section */

/* Begin PBXResourcesBuildPhase section */
		E6225A032112FE36003BFE79 /* Resources */ = {
			isa = PBXResourcesBuildPhase;
			buildActionMask = 2147483647;
			files = (
				E61EA7D321379B9D00394FFF /* Info.plist in Resources */,
				E61EA7B421379B9D00394FFF /* Main.storyboard in Resources */,
				E61EA7B121379B9D00394FFF /* Assets.xcassets in Resources */,
				E61EA7C721379B9D00394FFF /* hq_chart_back@2x.png in Resources */,
				E635911B21A7D226008D534B /* 222.png in Resources */,
				E61EA7BA21379B9D00394FFF /* icon.jpeg in Resources */,
				E61EA7C521379B9D00394FFF /* hq_nav_back@2x.png in Resources */,
				E61EA7B321379B9D00394FFF /* LaunchScreen.storyboard in Resources */,
				E635911921A7D108008D534B /* 1111.png in Resources */,
				E61EA7C621379B9D00394FFF /* btn_back.png in Resources */,
				E63ADEE721797F15000104F4 /* icon1.png in Resources */,
			);
			runOnlyForDeploymentPostprocessing = 0;
		};
/* End PBXResourcesBuildPhase section */

/* Begin PBXShellScriptBuildPhase section */
		04D73324303EC21721147603 /* [CP] Check Pods Manifest.lock */ = {
			isa = PBXShellScriptBuildPhase;
			buildActionMask = 2147483647;
			files = (
			);
			inputPaths = (
				"${PODS_PODFILE_DIR_PATH}/Podfile.lock",
				"${PODS_ROOT}/Manifest.lock",
			);
			name = "[CP] Check Pods Manifest.lock";
			outputPaths = (
				"$(DERIVED_FILE_DIR)/Pods-PXYFMWKTest-checkManifestLockResult.txt",
			);
			runOnlyForDeploymentPostprocessing = 0;
			shellPath = /bin/sh;
			shellScript = "diff \"${PODS_PODFILE_DIR_PATH}/Podfile.lock\" \"${PODS_ROOT}/Manifest.lock\" > /dev/null\nif [ $? != 0 ] ; then\n    # print error to STDERR\n    echo \"error: The sandbox is not in sync with the Podfile.lock. Run 'pod install' or update your CocoaPods installation.\" >&2\n    exit 1\nfi\n# This output is used by Xcode 'outputs' to avoid re-running this script phase.\necho \"SUCCESS\" > \"${SCRIPT_OUTPUT_FILE_0}\"\n";
			showEnvVarsInLog = 0;
		};
		4EF0D7271684C6517F72371D /* [CP] Copy Pods Resources */ = {
			isa = PBXShellScriptBuildPhase;
			buildActionMask = 2147483647;
			files = (
			);
			inputPaths = (
			);
			name = "[CP] Copy Pods Resources";
			outputPaths = (
			);
			runOnlyForDeploymentPostprocessing = 0;
			shellPath = /bin/sh;
			shellScript = "\"${SRCROOT}/../Pods/Target Support Files/Pods-PXYFMWKTest/Pods-PXYFMWKTest-resources.sh\"\n";
			showEnvVarsInLog = 0;
		};
		BD07556D2CB2A0F2B6E1092F /* [CP] Embed Pods Frameworks */ = {
			isa = PBXShellScriptBuildPhase;
			buildActionMask = 2147483647;
			files = (
			);
			inputPaths = (
			);
			name = "[CP] Embed Pods Frameworks";
			outputPaths = (
			);
			runOnlyForDeploymentPostprocessing = 0;
			shellPath = /bin/sh;
			shellScript = "\"${SRCROOT}/../Pods/Target Support Files/Pods-PXYFMWKTest/Pods-PXYFMWKTest-frameworks.sh\"\n";
			showEnvVarsInLog = 0;
		};
/* End PBXShellScriptBuildPhase section */

/* Begin PBXSourcesBuildPhase section */
		E6225A012112FE36003BFE79 /* Sources */ = {
			isa = PBXSourcesBuildPhase;
			buildActionMask = 2147483647;
			files = (
				E61EA7CF21379B9D00394FFF /* BSBacktraceLogger.m in Sources */,
				E60815C62177261E00C7D241 /* UIResponder+PXYRouter.m in Sources */,
				E67DEA792154E66400AE5895 /* Aspects.m in Sources */,
				E61F343821B6230000F45BF6 /* RSSwizzle.m in Sources */,
				E625CE7D21B01BEB005A7F14 /* Son+PXY.m in Sources */,
				E625CE7A21B01BE1005A7F14 /* Person+PXY.m in Sources */,
				E6011F7F21AFFB4600FE7D3F /* Son.m in Sources */,
				E61EA7CA21379B9D00394FFF /* PXYMonitorDataListController.m in Sources */,
				E61EA7D021379B9D00394FFF /* PXYMainThreadMonitorHelper.m in Sources */,
				E625CE7121B017D4005A7F14 /* Base.m in Sources */,
				E61EA7CE21379B9D00394FFF /* YYMemoryCache.m in Sources */,
				E663CB85215250B000D0304F /* NSObject+DLIntrospection.m in Sources */,
				E61EA7BF21379B9D00394FFF /* PXYDeviceCpuHelper.m in Sources */,
				E61EA7CC21379B9D00394FFF /* YYCache.m in Sources */,
				E6180E47219C02E900C221F7 /* TestViewController.m in Sources */,
				E692FA4721B7D2D7008F6C68 /* TestLayer.m in Sources */,
				E61EA7D221379B9D00394FFF /* PXYFPSLabel.m in Sources */,
				E61EA7C921379B9D00394FFF /* PXYMonitorDataDetailController.m in Sources */,
				E61EA7C121379B9D00394FFF /* PXYWeakProxy.m in Sources */,
				E61EA7B221379B9D00394FFF /* ViewController.m in Sources */,
				E61EA7CD21379B9D00394FFF /* YYKVStorage.m in Sources */,
				E635911721A7CC8F008D534B /* UIImageView+CornerRadius.m in Sources */,
				E6D62F96217587CE005554AF /* PXYHashHelper.m in Sources */,
				E61EA7B821379B9D00394FFF /* UIImageView+ImageCorner.m in Sources */,
				E61EA7D121379B9D00394FFF /* PXYStatusBarView.m in Sources */,
				E625CE7421B017E4005A7F14 /* Super.m in Sources */,
				E61EA7B521379B9D00394FFF /* main.m in Sources */,
				E61705632170947C00EDAF1E /* PXYBase64Helper.m in Sources */,
				E61EA7C821379B9D00394FFF /* PXYMonitorManager.m in Sources */,
				E625CE7721B017F1005A7F14 /* Child.m in Sources */,
				E61EA7CB21379B9D00394FFF /* YYDiskCache.m in Sources */,
				E61EA7C421379B9D00394FFF /* PXYDataMonitorManager.m in Sources */,
				E6011F7C21AFFB0D00FE7D3F /* Person.m in Sources */,
				E692FA4421B7D2C9008F6C68 /* TestView.m in Sources */,
				E63ADEED21798401000104F4 /* NSData+ImageContentType.m in Sources */,
				E61EA7C221379B9D00394FFF /* PXYFPSHelper.m in Sources */,
				E61EA7C321379B9D00394FFF /* PXYMonitorDataCacheHelper.m in Sources */,
				E60B971D216F55B900F43B27 /* PXYDesHelper.m in Sources */,
				E61EA7C021379B9D00394FFF /* PXYDeviceMemoryHelper.m in Sources */,
				E63ADEE5217976B3000104F4 /* NSData+PXYFileType.m in Sources */,
				E61EA7B921379B9D00394FFF /* AppDelegate.m in Sources */,
				E60815C92177291B00C7D241 /* AImageView.m in Sources */,
			);
			runOnlyForDeploymentPostprocessing = 0;
		};
/* End PBXSourcesBuildPhase section */

/* Begin PBXVariantGroup section */
		E61EA75E21379B9D00394FFF /* LaunchScreen.storyboard */ = {
			isa = PBXVariantGroup;
			children = (
				E61EA75F21379B9D00394FFF /* Base */,
			);
			name = LaunchScreen.storyboard;
			sourceTree = "<group>";
		};
		E61EA76021379B9D00394FFF /* Main.storyboard */ = {
			isa = PBXVariantGroup;
			children = (
				E61EA76121379B9D00394FFF /* Base */,
			);
			name = Main.storyboard;
			sourceTree = "<group>";
		};
/* End PBXVariantGroup section */

/* Begin XCBuildConfiguration section */
		E6225A192112FE39003BFE79 /* Debug */ = {
			isa = XCBuildConfiguration;
			buildSettings = {
				ALWAYS_SEARCH_USER_PATHS = NO;
				CLANG_ANALYZER_NONNULL = YES;
				CLANG_ANALYZER_NUMBER_OBJECT_CONVERSION = YES_AGGRESSIVE;
				CLANG_CXX_LANGUAGE_STANDARD = "gnu++14";
				CLANG_CXX_LIBRARY = "libc++";
				CLANG_ENABLE_MODULES = YES;
				CLANG_ENABLE_OBJC_ARC = YES;
				CLANG_ENABLE_OBJC_WEAK = YES;
				CLANG_WARN_BLOCK_CAPTURE_AUTORELEASING = YES;
				CLANG_WARN_BOOL_CONVERSION = YES;
				CLANG_WARN_COMMA = YES;
				CLANG_WARN_CONSTANT_CONVERSION = YES;
				CLANG_WARN_DEPRECATED_OBJC_IMPLEMENTATIONS = YES;
				CLANG_WARN_DIRECT_OBJC_ISA_USAGE = YES_ERROR;
				CLANG_WARN_DOCUMENTATION_COMMENTS = YES;
				CLANG_WARN_EMPTY_BODY = YES;
				CLANG_WARN_ENUM_CONVERSION = YES;
				CLANG_WARN_INFINITE_RECURSION = YES;
				CLANG_WARN_INT_CONVERSION = YES;
				CLANG_WARN_NON_LITERAL_NULL_CONVERSION = YES;
				CLANG_WARN_OBJC_IMPLICIT_RETAIN_SELF = YES;
				CLANG_WARN_OBJC_LITERAL_CONVERSION = YES;
				CLANG_WARN_OBJC_ROOT_CLASS = YES_ERROR;
				CLANG_WARN_RANGE_LOOP_ANALYSIS = YES;
				CLANG_WARN_STRICT_PROTOTYPES = YES;
				CLANG_WARN_SUSPICIOUS_MOVE = YES;
				CLANG_WARN_UNGUARDED_AVAILABILITY = YES_AGGRESSIVE;
				CLANG_WARN_UNREACHABLE_CODE = YES;
				CLANG_WARN__DUPLICATE_METHOD_MATCH = YES;
				CODE_SIGN_IDENTITY = "iPhone Developer";
				COPY_PHASE_STRIP = NO;
				DEBUG_INFORMATION_FORMAT = dwarf;
				ENABLE_STRICT_OBJC_MSGSEND = YES;
				ENABLE_TESTABILITY = YES;
				GCC_C_LANGUAGE_STANDARD = gnu11;
				GCC_DYNAMIC_NO_PIC = NO;
				GCC_NO_COMMON_BLOCKS = YES;
				GCC_OPTIMIZATION_LEVEL = 0;
				GCC_PREPROCESSOR_DEFINITIONS = (
					"DEBUG=1",
					"$(inherited)",
				);
				GCC_WARN_64_TO_32_BIT_CONVERSION = YES;
				GCC_WARN_ABOUT_RETURN_TYPE = YES_ERROR;
				GCC_WARN_UNDECLARED_SELECTOR = YES;
				GCC_WARN_UNINITIALIZED_AUTOS = YES_AGGRESSIVE;
				GCC_WARN_UNUSED_FUNCTION = YES;
				GCC_WARN_UNUSED_VARIABLE = YES;
				IPHONEOS_DEPLOYMENT_TARGET = 11.4;
				MTL_ENABLE_DEBUG_INFO = YES;
				ONLY_ACTIVE_ARCH = YES;
				SDKROOT = iphoneos;
			};
			name = Debug;
		};
		E6225A1A2112FE39003BFE79 /* Release */ = {
			isa = XCBuildConfiguration;
			buildSettings = {
				ALWAYS_SEARCH_USER_PATHS = NO;
				CLANG_ANALYZER_NONNULL = YES;
				CLANG_ANALYZER_NUMBER_OBJECT_CONVERSION = YES_AGGRESSIVE;
				CLANG_CXX_LANGUAGE_STANDARD = "gnu++14";
				CLANG_CXX_LIBRARY = "libc++";
				CLANG_ENABLE_MODULES = YES;
				CLANG_ENABLE_OBJC_ARC = YES;
				CLANG_ENABLE_OBJC_WEAK = YES;
				CLANG_WARN_BLOCK_CAPTURE_AUTORELEASING = YES;
				CLANG_WARN_BOOL_CONVERSION = YES;
				CLANG_WARN_COMMA = YES;
				CLANG_WARN_CONSTANT_CONVERSION = YES;
				CLANG_WARN_DEPRECATED_OBJC_IMPLEMENTATIONS = YES;
				CLANG_WARN_DIRECT_OBJC_ISA_USAGE = YES_ERROR;
				CLANG_WARN_DOCUMENTATION_COMMENTS = YES;
				CLANG_WARN_EMPTY_BODY = YES;
				CLANG_WARN_ENUM_CONVERSION = YES;
				CLANG_WARN_INFINITE_RECURSION = YES;
				CLANG_WARN_INT_CONVERSION = YES;
				CLANG_WARN_NON_LITERAL_NULL_CONVERSION = YES;
				CLANG_WARN_OBJC_IMPLICIT_RETAIN_SELF = YES;
				CLANG_WARN_OBJC_LITERAL_CONVERSION = YES;
				CLANG_WARN_OBJC_ROOT_CLASS = YES_ERROR;
				CLANG_WARN_RANGE_LOOP_ANALYSIS = YES;
				CLANG_WARN_STRICT_PROTOTYPES = YES;
				CLANG_WARN_SUSPICIOUS_MOVE = YES;
				CLANG_WARN_UNGUARDED_AVAILABILITY = YES_AGGRESSIVE;
				CLANG_WARN_UNREACHABLE_CODE = YES;
				CLANG_WARN__DUPLICATE_METHOD_MATCH = YES;
				CODE_SIGN_IDENTITY = "iPhone Developer";
				COPY_PHASE_STRIP = NO;
				DEBUG_INFORMATION_FORMAT = "dwarf-with-dsym";
				ENABLE_NS_ASSERTIONS = NO;
				ENABLE_STRICT_OBJC_MSGSEND = YES;
				GCC_C_LANGUAGE_STANDARD = gnu11;
				GCC_NO_COMMON_BLOCKS = YES;
				GCC_WARN_64_TO_32_BIT_CONVERSION = YES;
				GCC_WARN_ABOUT_RETURN_TYPE = YES_ERROR;
				GCC_WARN_UNDECLARED_SELECTOR = YES;
				GCC_WARN_UNINITIALIZED_AUTOS = YES_AGGRESSIVE;
				GCC_WARN_UNUSED_FUNCTION = YES;
				GCC_WARN_UNUSED_VARIABLE = YES;
				IPHONEOS_DEPLOYMENT_TARGET = 11.4;
				MTL_ENABLE_DEBUG_INFO = NO;
				SDKROOT = iphoneos;
				VALIDATE_PRODUCT = YES;
			};
			name = Release;
		};
		E6225A1C2112FE39003BFE79 /* Debug */ = {
			isa = XCBuildConfiguration;
			baseConfigurationReference = F1D220B63AF65D2AD97FF878 /* Pods-PXYFMWKTest.debug.xcconfig */;
			buildSettings = {
				ASSETCATALOG_COMPILER_APPICON_NAME = AppIcon;
				CODE_SIGN_STYLE = Automatic;
				DEVELOPMENT_TEAM = JQ65Q8X2ZJ;
				FRAMEWORK_SEARCH_PATHS = (
					"$(inherited)",
					"$(PROJECT_DIR)",
					"$(PROJECT_DIR)/PXYFMWKTest",
				);
				HEADER_SEARCH_PATHS = "";
				INFOPLIST_FILE = "$(SRCROOT)/PXYFMWKTest/Info.plist";
				LD_RUNPATH_SEARCH_PATHS = "$(inherited) @executable_path/Frameworks";
				OTHER_LDFLAGS = "-ObjC33";
				PRODUCT_BUNDLE_IDENTIFIER = pengxuyuan.ImageCorner;
				PRODUCT_NAME = "$(TARGET_NAME)";
				TARGETED_DEVICE_FAMILY = "1,2";
			};
			name = Debug;
		};
		E6225A1D2112FE39003BFE79 /* Release */ = {
			isa = XCBuildConfiguration;
			baseConfigurationReference = 1A2D428996827407303DDD31 /* Pods-PXYFMWKTest.release.xcconfig */;
			buildSettings = {
				ASSETCATALOG_COMPILER_APPICON_NAME = AppIcon;
				CODE_SIGN_STYLE = Automatic;
				DEVELOPMENT_TEAM = JQ65Q8X2ZJ;
				FRAMEWORK_SEARCH_PATHS = (
					"$(inherited)",
					"$(PROJECT_DIR)",
					"$(PROJECT_DIR)/PXYFMWKTest",
				);
				HEADER_SEARCH_PATHS = "";
				INFOPLIST_FILE = "$(SRCROOT)/PXYFMWKTest/Info.plist";
				LD_RUNPATH_SEARCH_PATHS = "$(inherited) @executable_path/Frameworks";
				OTHER_LDFLAGS = "-ObjC33";
				PRODUCT_BUNDLE_IDENTIFIER = pengxuyuan.ImageCorner;
				PRODUCT_NAME = "$(TARGET_NAME)";
				TARGETED_DEVICE_FAMILY = "1,2";
			};
			name = Release;
		};
/* End XCBuildConfiguration section */

/* Begin XCConfigurationList section */
		E6225A002112FE36003BFE79 /* Build configuration list for PBXProject "PXYFMWKTest" */ = {
			isa = XCConfigurationList;
			buildConfigurations = (
				E6225A192112FE39003BFE79 /* Debug */,
				E6225A1A2112FE39003BFE79 /* Release */,
			);
			defaultConfigurationIsVisible = 0;
			defaultConfigurationName = Release;
		};
		E6225A1B2112FE39003BFE79 /* Build configuration list for PBXNativeTarget "PXYFMWKTest" */ = {
			isa = XCConfigurationList;
			buildConfigurations = (
				E6225A1C2112FE39003BFE79 /* Debug */,
				E6225A1D2112FE39003BFE79 /* Release */,
			);
			defaultConfigurationIsVisible = 0;
			defaultConfigurationName = Release;
		};
/* End XCConfigurationList section */
	};
	rootObject = E62259FD2112FE36003BFE79 /* Project object */;
}
