// !$*UTF8*$!
{
	archiveVersion = 1;
	classes = {
	};
	objectVersion = 50;
	objects = {

/* Begin PBXBuildFile section */
		E61EA7B121379B9D00394FFF /* Assets.xcassets in Resources */ = {isa = PBXBuildFile; fileRef = E61EA75C21379B9D00394FFF /* Assets.xcassets */; };
		E61EA7B221379B9D00394FFF /* ViewController.m in Sources */ = {isa = PBXBuildFile; fileRef = E61EA75D21379B9D00394FFF /* ViewController.m */; };
		E61EA7B321379B9D00394FFF /* LaunchScreen.storyboard in Resources */ = {isa = PBXBuildFile; fileRef = E61EA75E21379B9D00394FFF /* LaunchScreen.storyboard */; };
		E61EA7B421379B9D00394FFF /* Main.storyboard in Resources */ = {isa = PBXBuildFile; fileRef = E61EA76021379B9D00394FFF /* Main.storyboard */; };
		E61EA7B521379B9D00394FFF /* main.m in Sources */ = {isa = PBXBuildFile; fileRef = E61EA76221379B9D00394FFF /* main.m */; };
		E61EA7B821379B9D00394FFF /* UIImageView+ImageCorner.m in Sources */ = {isa = PBXBuildFile; fileRef = E61EA76821379B9D00394FFF /* UIImageView+ImageCorner.m */; };
		E61EA7B921379B9D00394FFF /* AppDelegate.m in Sources */ = {isa = PBXBuildFile; fileRef = E61EA76A21379B9D00394FFF /* AppDelegate.m */; };
		E61EA7BA21379B9D00394FFF /* icon.jpeg in Resources */ = {isa = PBXBuildFile; fileRef = E61EA76B21379B9D00394FFF /* icon.jpeg */; };
		E61EA7BF21379B9D00394FFF /* PXYDeviceCpuHelper.m in Sources */ = {isa = PBXBuildFile; fileRef = E61EA77D21379B9D00394FFF /* PXYDeviceCpuHelper.m */; };
		E61EA7C021379B9D00394FFF /* PXYDeviceMemoryHelper.m in Sources */ = {isa = PBXBuildFile; fileRef = E61EA78021379B9D00394FFF /* PXYDeviceMemoryHelper.m */; };
		E61EA7C121379B9D00394FFF /* PXYWeakProxy.m in Sources */ = {isa = PBXBuildFile; fileRef = E61EA78421379B9D00394FFF /* PXYWeakProxy.m */; };
		E61EA7C221379B9D00394FFF /* PXYFPSHelper.m in Sources */ = {isa = PBXBuildFile; fileRef = E61EA78521379B9D00394FFF /* PXYFPSHelper.m */; };
		E61EA7C321379B9D00394FFF /* PXYMonitorDataCacheHelper.m in Sources */ = {isa = PBXBuildFile; fileRef = E61EA78821379B9D00394FFF /* PXYMonitorDataCacheHelper.m */; };
		E61EA7C421379B9D00394FFF /* PXYDataMonitorManager.m in Sources */ = {isa = PBXBuildFile; fileRef = E61EA78C21379B9D00394FFF /* PXYDataMonitorManager.m */; };
		E61EA7C521379B9D00394FFF /* hq_nav_back@2x.png in Resources */ = {isa = PBXBuildFile; fileRef = E61EA78E21379B9D00394FFF /* hq_nav_back@2x.png */; };
		E61EA7C621379B9D00394FFF /* btn_back.png in Resources */ = {isa = PBXBuildFile; fileRef = E61EA78F21379B9D00394FFF /* btn_back.png */; };
		E61EA7C721379B9D00394FFF /* hq_chart_back@2x.png in Resources */ = {isa = PBXBuildFile; fileRef = E61EA79021379B9D00394FFF /* hq_chart_back@2x.png */; };
		E61EA7C821379B9D00394FFF /* PXYMonitorManager.m in Sources */ = {isa = PBXBuildFile; fileRef = E61EA79321379B9D00394FFF /* PXYMonitorManager.m */; };
		E61EA7C921379B9D00394FFF /* PXYMonitorDataDetailController.m in Sources */ = {isa = PBXBuildFile; fileRef = E61EA79621379B9D00394FFF /* PXYMonitorDataDetailController.m */; };
		E61EA7CA21379B9D00394FFF /* PXYMonitorDataListController.m in Sources */ = {isa = PBXBuildFile; fileRef = E61EA79821379B9D00394FFF /* PXYMonitorDataListController.m */; };
		E61EA7CB21379B9D00394FFF /* YYDiskCache.m in Sources */ = {isa = PBXBuildFile; fileRef = E61EA79B21379B9D00394FFF /* YYDiskCache.m */; };
		E61EA7CC21379B9D00394FFF /* YYCache.m in Sources */ = {isa = PBXBuildFile; fileRef = E61EA79D21379B9D00394FFF /* YYCache.m */; };
		E61EA7CD21379B9D00394FFF /* YYKVStorage.m in Sources */ = {isa = PBXBuildFile; fileRef = E61EA7A121379B9D00394FFF /* YYKVStorage.m */; };
		E61EA7CE21379B9D00394FFF /* YYMemoryCache.m in Sources */ = {isa = PBXBuildFile; fileRef = E61EA7A221379B9D00394FFF /* YYMemoryCache.m */; };
		E61EA7CF21379B9D00394FFF /* BSBacktraceLogger.m in Sources */ = {isa = PBXBuildFile; fileRef = E61EA7A521379B9D00394FFF /* BSBacktraceLogger.m */; };
		E61EA7D021379B9D00394FFF /* PXYMainThreadMonitorHelper.m in Sources */ = {isa = PBXBuildFile; fileRef = E61EA7A721379B9D00394FFF /* PXYMainThreadMonitorHelper.m */; };
		E61EA7D121379B9D00394FFF /* PXYStatusBarView.m in Sources */ = {isa = PBXBuildFile; fileRef = E61EA7AA21379B9D00394FFF /* PXYStatusBarView.m */; };
		E61EA7D221379B9D00394FFF /* PXYFPSLabel.m in Sources */ = {isa = PBXBuildFile; fileRef = E61EA7AC21379B9D00394FFF /* PXYFPSLabel.m */; };
		E61EA7D321379B9D00394FFF /* Info.plist in Resources */ = {isa = PBXBuildFile; fileRef = E61EA7AE21379B9D00394FFF /* Info.plist */; };
		E636FD99213E24DB00B50A74 /* PXYFMWKDYLIB.framework in Frameworks */ = {isa = PBXBuildFile; fileRef = E636FD98213E24DB00B50A74 /* PXYFMWKDYLIB.framework */; };
		E636FD9A213E24DB00B50A74 /* PXYFMWKDYLIB.framework in Embed Frameworks */ = {isa = PBXBuildFile; fileRef = E636FD98213E24DB00B50A74 /* PXYFMWKDYLIB.framework */; settings = {ATTRIBUTES = (CodeSignOnCopy, RemoveHeadersOnCopy, ); }; };
		E663CB85215250B000D0304F /* NSObject+DLIntrospection.m in Sources */ = {isa = PBXBuildFile; fileRef = E663CB84215250B000D0304F /* NSObject+DLIntrospection.m */; };
		E67DEA732154D95500AE5895 /* JSPatchPlatform.framework in Frameworks */ = {isa = PBXBuildFile; fileRef = E67DEA722154D95400AE5895 /* JSPatchPlatform.framework */; };
		E67DEA752154D9C200AE5895 /* JavaScriptCore.framework in Frameworks */ = {isa = PBXBuildFile; fileRef = E67DEA742154D9C100AE5895 /* JavaScriptCore.framework */; };
		E67DEA792154E66400AE5895 /* Aspects.m in Sources */ = {isa = PBXBuildFile; fileRef = E67DEA782154E66300AE5895 /* Aspects.m */; };
		E6F21D7721465E5800424470 /* Father.m in Sources */ = {isa = PBXBuildFile; fileRef = E6F21D7621465E5800424470 /* Father.m */; };
		E6F21D7A21465E6300424470 /* Son.m in Sources */ = {isa = PBXBuildFile; fileRef = E6F21D7921465E6300424470 /* Son.m */; };
		E6F21D7D21465F1800424470 /* Son+Son1.m in Sources */ = {isa = PBXBuildFile; fileRef = E6F21D7C21465F1800424470 /* Son+Son1.m */; };
/* End PBXBuildFile section */

/* Begin PBXContainerItemProxy section */
		E61EA7F12137C44C00394FFF /* PBXContainerItemProxy */ = {
			isa = PBXContainerItemProxy;
			containerPortal = E61EA7EC2137C44C00394FFF /* WSLibraryFirst.xcodeproj */;
			proxyType = 2;
			remoteGlobalIDString = 89897BBE1F94F79900A98B5D;
			remoteInfo = WSLibraryFirst;
		};
		E61EA7F32137C44C00394FFF /* PBXContainerItemProxy */ = {
			isa = PBXContainerItemProxy;
			containerPortal = E61EA7EC2137C44C00394FFF /* WSLibraryFirst.xcodeproj */;
			proxyType = 2;
			remoteGlobalIDString = 89897BDD1F94FBD900A98B5D;
			remoteInfo = Lib1Resource;
		};
/* End PBXContainerItemProxy section */

/* Begin PBXCopyFilesBuildPhase section */
		E636FD9B213E24DB00B50A74 /* Embed Frameworks */ = {
			isa = PBXCopyFilesBuildPhase;
			buildActionMask = 2147483647;
			dstPath = "";
			dstSubfolderSpec = 10;
			files = (
				E636FD9A213E24DB00B50A74 /* PXYFMWKDYLIB.framework in Embed Frameworks */,
			);
			name = "Embed Frameworks";
			runOnlyForDeploymentPostprocessing = 0;
		};
/* End PBXCopyFilesBuildPhase section */

/* Begin PBXFileReference section */
		E61EA75A21379B9D00394FFF /* AppDelegate.h */ = {isa = PBXFileReference; fileEncoding = 4; lastKnownFileType = sourcecode.c.h; path = AppDelegate.h; sourceTree = "<group>"; };
		E61EA75C21379B9D00394FFF /* Assets.xcassets */ = {isa = PBXFileReference; lastKnownFileType = folder.assetcatalog; path = Assets.xcassets; sourceTree = "<group>"; };
		E61EA75D21379B9D00394FFF /* ViewController.m */ = {isa = PBXFileReference; fileEncoding = 4; lastKnownFileType = sourcecode.c.objc; path = ViewController.m; sourceTree = "<group>"; };
		E61EA75F21379B9D00394FFF /* Base */ = {isa = PBXFileReference; lastKnownFileType = file.storyboard; name = Base; path = Base.lproj/LaunchScreen.storyboard; sourceTree = "<group>"; };
		E61EA76121379B9D00394FFF /* Base */ = {isa = PBXFileReference; lastKnownFileType = file.storyboard; name = Base; path = Base.lproj/Main.storyboard; sourceTree = "<group>"; };
		E61EA76221379B9D00394FFF /* main.m */ = {isa = PBXFileReference; fileEncoding = 4; lastKnownFileType = sourcecode.c.objc; path = main.m; sourceTree = "<group>"; };
		E61EA76821379B9D00394FFF /* UIImageView+ImageCorner.m */ = {isa = PBXFileReference; fileEncoding = 4; lastKnownFileType = sourcecode.c.objc; path = "UIImageView+ImageCorner.m"; sourceTree = "<group>"; };
		E61EA76921379B9D00394FFF /* UIImageView+ImageCorner.h */ = {isa = PBXFileReference; fileEncoding = 4; lastKnownFileType = sourcecode.c.h; path = "UIImageView+ImageCorner.h"; sourceTree = "<group>"; };
		E61EA76A21379B9D00394FFF /* AppDelegate.m */ = {isa = PBXFileReference; fileEncoding = 4; lastKnownFileType = sourcecode.c.objc; path = AppDelegate.m; sourceTree = "<group>"; };
		E61EA76B21379B9D00394FFF /* icon.jpeg */ = {isa = PBXFileReference; lastKnownFileType = image.jpeg; path = icon.jpeg; sourceTree = "<group>"; };
		E61EA77C21379B9D00394FFF /* PXYDeviceCpuHelper.h */ = {isa = PBXFileReference; fileEncoding = 4; lastKnownFileType = sourcecode.c.h; path = PXYDeviceCpuHelper.h; sourceTree = "<group>"; };
		E61EA77D21379B9D00394FFF /* PXYDeviceCpuHelper.m */ = {isa = PBXFileReference; fileEncoding = 4; lastKnownFileType = sourcecode.c.objc; path = PXYDeviceCpuHelper.m; sourceTree = "<group>"; };
		E61EA77F21379B9D00394FFF /* PXYDeviceMemoryHelper.h */ = {isa = PBXFileReference; fileEncoding = 4; lastKnownFileType = sourcecode.c.h; path = PXYDeviceMemoryHelper.h; sourceTree = "<group>"; };
		E61EA78021379B9D00394FFF /* PXYDeviceMemoryHelper.m */ = {isa = PBXFileReference; fileEncoding = 4; lastKnownFileType = sourcecode.c.objc; path = PXYDeviceMemoryHelper.m; sourceTree = "<group>"; };
		E61EA78221379B9D00394FFF /* PXYFPSHelper.h */ = {isa = PBXFileReference; fileEncoding = 4; lastKnownFileType = sourcecode.c.h; path = PXYFPSHelper.h; sourceTree = "<group>"; };
		E61EA78321379B9D00394FFF /* PXYWeakProxy.h */ = {isa = PBXFileReference; fileEncoding = 4; lastKnownFileType = sourcecode.c.h; path = PXYWeakProxy.h; sourceTree = "<group>"; };
		E61EA78421379B9D00394FFF /* PXYWeakProxy.m */ = {isa = PBXFileReference; fileEncoding = 4; lastKnownFileType = sourcecode.c.objc; path = PXYWeakProxy.m; sourceTree = "<group>"; };
		E61EA78521379B9D00394FFF /* PXYFPSHelper.m */ = {isa = PBXFileReference; fileEncoding = 4; lastKnownFileType = sourcecode.c.objc; path = PXYFPSHelper.m; sourceTree = "<group>"; };
		E61EA78821379B9D00394FFF /* PXYMonitorDataCacheHelper.m */ = {isa = PBXFileReference; fileEncoding = 4; lastKnownFileType = sourcecode.c.objc; path = PXYMonitorDataCacheHelper.m; sourceTree = "<group>"; };
		E61EA78921379B9D00394FFF /* PXYMonitorDataCacheHelper.h */ = {isa = PBXFileReference; fileEncoding = 4; lastKnownFileType = sourcecode.c.h; path = PXYMonitorDataCacheHelper.h; sourceTree = "<group>"; };
		E61EA78B21379B9D00394FFF /* PXYDataMonitorManager.h */ = {isa = PBXFileReference; fileEncoding = 4; lastKnownFileType = sourcecode.c.h; path = PXYDataMonitorManager.h; sourceTree = "<group>"; };
		E61EA78C21379B9D00394FFF /* PXYDataMonitorManager.m */ = {isa = PBXFileReference; fileEncoding = 4; lastKnownFileType = sourcecode.c.objc; path = PXYDataMonitorManager.m; sourceTree = "<group>"; };
		E61EA78E21379B9D00394FFF /* hq_nav_back@2x.png */ = {isa = PBXFileReference; lastKnownFileType = image.png; path = "hq_nav_back@2x.png"; sourceTree = "<group>"; };
		E61EA78F21379B9D00394FFF /* btn_back.png */ = {isa = PBXFileReference; lastKnownFileType = image.png; path = btn_back.png; sourceTree = "<group>"; };
		E61EA79021379B9D00394FFF /* hq_chart_back@2x.png */ = {isa = PBXFileReference; lastKnownFileType = image.png; path = "hq_chart_back@2x.png"; sourceTree = "<group>"; };
		E61EA79221379B9D00394FFF /* PXYMonitorManager.h */ = {isa = PBXFileReference; fileEncoding = 4; lastKnownFileType = sourcecode.c.h; path = PXYMonitorManager.h; sourceTree = "<group>"; };
		E61EA79321379B9D00394FFF /* PXYMonitorManager.m */ = {isa = PBXFileReference; fileEncoding = 4; lastKnownFileType = sourcecode.c.objc; path = PXYMonitorManager.m; sourceTree = "<group>"; };
		E61EA79521379B9D00394FFF /* PXYMonitorDataListController.h */ = {isa = PBXFileReference; fileEncoding = 4; lastKnownFileType = sourcecode.c.h; path = PXYMonitorDataListController.h; sourceTree = "<group>"; };
		E61EA79621379B9D00394FFF /* PXYMonitorDataDetailController.m */ = {isa = PBXFileReference; fileEncoding = 4; lastKnownFileType = sourcecode.c.objc; path = PXYMonitorDataDetailController.m; sourceTree = "<group>"; };
		E61EA79721379B9D00394FFF /* PXYMonitorDataDetailController.h */ = {isa = PBXFileReference; fileEncoding = 4; lastKnownFileType = sourcecode.c.h; path = PXYMonitorDataDetailController.h; sourceTree = "<group>"; };
		E61EA79821379B9D00394FFF /* PXYMonitorDataListController.m */ = {isa = PBXFileReference; fileEncoding = 4; lastKnownFileType = sourcecode.c.objc; path = PXYMonitorDataListController.m; sourceTree = "<group>"; };
		E61EA79B21379B9D00394FFF /* YYDiskCache.m */ = {isa = PBXFileReference; fileEncoding = 4; lastKnownFileType = sourcecode.c.objc; path = YYDiskCache.m; sourceTree = "<group>"; };
		E61EA79C21379B9D00394FFF /* YYKVStorage.h */ = {isa = PBXFileReference; fileEncoding = 4; lastKnownFileType = sourcecode.c.h; path = YYKVStorage.h; sourceTree = "<group>"; };
		E61EA79D21379B9D00394FFF /* YYCache.m */ = {isa = PBXFileReference; fileEncoding = 4; lastKnownFileType = sourcecode.c.objc; path = YYCache.m; sourceTree = "<group>"; };
		E61EA79E21379B9D00394FFF /* YYMemoryCache.h */ = {isa = PBXFileReference; fileEncoding = 4; lastKnownFileType = sourcecode.c.h; path = YYMemoryCache.h; sourceTree = "<group>"; };
		E61EA79F21379B9D00394FFF /* YYDiskCache.h */ = {isa = PBXFileReference; fileEncoding = 4; lastKnownFileType = sourcecode.c.h; path = YYDiskCache.h; sourceTree = "<group>"; };
		E61EA7A021379B9D00394FFF /* YYCache.h */ = {isa = PBXFileReference; fileEncoding = 4; lastKnownFileType = sourcecode.c.h; path = YYCache.h; sourceTree = "<group>"; };
		E61EA7A121379B9D00394FFF /* YYKVStorage.m */ = {isa = PBXFileReference; fileEncoding = 4; lastKnownFileType = sourcecode.c.objc; path = YYKVStorage.m; sourceTree = "<group>"; };
		E61EA7A221379B9D00394FFF /* YYMemoryCache.m */ = {isa = PBXFileReference; fileEncoding = 4; lastKnownFileType = sourcecode.c.objc; path = YYMemoryCache.m; sourceTree = "<group>"; };
		E61EA7A421379B9D00394FFF /* BSBacktraceLogger.h */ = {isa = PBXFileReference; fileEncoding = 4; lastKnownFileType = sourcecode.c.h; path = BSBacktraceLogger.h; sourceTree = "<group>"; };
		E61EA7A521379B9D00394FFF /* BSBacktraceLogger.m */ = {isa = PBXFileReference; fileEncoding = 4; lastKnownFileType = sourcecode.c.objc; path = BSBacktraceLogger.m; sourceTree = "<group>"; };
		E61EA7A721379B9D00394FFF /* PXYMainThreadMonitorHelper.m */ = {isa = PBXFileReference; fileEncoding = 4; lastKnownFileType = sourcecode.c.objc; path = PXYMainThreadMonitorHelper.m; sourceTree = "<group>"; };
		E61EA7A821379B9D00394FFF /* PXYMainThreadMonitorHelper.h */ = {isa = PBXFileReference; fileEncoding = 4; lastKnownFileType = sourcecode.c.h; path = PXYMainThreadMonitorHelper.h; sourceTree = "<group>"; };
		E61EA7AA21379B9D00394FFF /* PXYStatusBarView.m */ = {isa = PBXFileReference; fileEncoding = 4; lastKnownFileType = sourcecode.c.objc; path = PXYStatusBarView.m; sourceTree = "<group>"; };
		E61EA7AB21379B9D00394FFF /* PXYFPSLabel.h */ = {isa = PBXFileReference; fileEncoding = 4; lastKnownFileType = sourcecode.c.h; path = PXYFPSLabel.h; sourceTree = "<group>"; };
		E61EA7AC21379B9D00394FFF /* PXYFPSLabel.m */ = {isa = PBXFileReference; fileEncoding = 4; lastKnownFileType = sourcecode.c.objc; path = PXYFPSLabel.m; sourceTree = "<group>"; };
		E61EA7AD21379B9D00394FFF /* PXYStatusBarView.h */ = {isa = PBXFileReference; fileEncoding = 4; lastKnownFileType = sourcecode.c.h; path = PXYStatusBarView.h; sourceTree = "<group>"; };
		E61EA7AE21379B9D00394FFF /* Info.plist */ = {isa = PBXFileReference; fileEncoding = 4; lastKnownFileType = text.plist.xml; path = Info.plist; sourceTree = "<group>"; };
		E61EA7AF21379B9D00394FFF /* ViewController.h */ = {isa = PBXFileReference; fileEncoding = 4; lastKnownFileType = sourcecode.c.h; path = ViewController.h; sourceTree = "<group>"; };
		E61EA7EC2137C44C00394FFF /* WSLibraryFirst.xcodeproj */ = {isa = PBXFileReference; lastKnownFileType = "wrapper.pb-project"; name = WSLibraryFirst.xcodeproj; path = ../PXYWorkSpace/WSLibraryFirst/WSLibraryFirst.xcodeproj; sourceTree = "<group>"; };
		E61EA7F52137C55000394FFF /* libPXYFWMKLib.a */ = {isa = PBXFileReference; explicitFileType = archive.ar; path = libPXYFWMKLib.a; sourceTree = BUILT_PRODUCTS_DIR; };
		E61EA8142137CDF000394FFF /* libPXYFMWKLib.a */ = {isa = PBXFileReference; explicitFileType = archive.ar; path = libPXYFMWKLib.a; sourceTree = BUILT_PRODUCTS_DIR; };
		E61EA869213CDDB600394FFF /* libPXYFMWKLib.a */ = {isa = PBXFileReference; explicitFileType = archive.ar; path = libPXYFMWKLib.a; sourceTree = BUILT_PRODUCTS_DIR; };
		E61EA8B1213D4EA700394FFF /* PXYFMWKDYLIB.framework */ = {isa = PBXFileReference; explicitFileType = wrapper.framework; path = PXYFMWKDYLIB.framework; sourceTree = BUILT_PRODUCTS_DIR; };
		E61EA8C4213D506900394FFF /* libPXYFMWKLib.a */ = {isa = PBXFileReference; explicitFileType = archive.ar; path = libPXYFMWKLib.a; sourceTree = BUILT_PRODUCTS_DIR; };
		E6225A052112FE36003BFE79 /* PXYFMWKTest.app */ = {isa = PBXFileReference; explicitFileType = wrapper.application; includeInIndex = 0; path = PXYFMWKTest.app; sourceTree = BUILT_PRODUCTS_DIR; };
		E636FD98213E24DB00B50A74 /* PXYFMWKDYLIB.framework */ = {isa = PBXFileReference; explicitFileType = wrapper.framework; path = PXYFMWKDYLIB.framework; sourceTree = BUILT_PRODUCTS_DIR; };
		E663CB83215250B000D0304F /* NSObject+DLIntrospection.h */ = {isa = PBXFileReference; fileEncoding = 4; lastKnownFileType = sourcecode.c.h; path = "NSObject+DLIntrospection.h"; sourceTree = "<group>"; };
		E663CB84215250B000D0304F /* NSObject+DLIntrospection.m */ = {isa = PBXFileReference; fileEncoding = 4; lastKnownFileType = sourcecode.c.objc; path = "NSObject+DLIntrospection.m"; sourceTree = "<group>"; };
		E663CB862152551000D0304F /* libsystem_blocks.dylib */ = {isa = PBXFileReference; explicitFileType = "compiled.mach-o.dylib"; path = libsystem_blocks.dylib; sourceTree = BUILT_PRODUCTS_DIR; };
		E67DEA722154D95400AE5895 /* JSPatchPlatform.framework */ = {isa = PBXFileReference; lastKnownFileType = wrapper.framework; path = JSPatchPlatform.framework; sourceTree = "<group>"; };
		E67DEA742154D9C100AE5895 /* JavaScriptCore.framework */ = {isa = PBXFileReference; lastKnownFileType = wrapper.framework; name = JavaScriptCore.framework; path = System/Library/Frameworks/JavaScriptCore.framework; sourceTree = SDKROOT; };
		E67DEA772154E66300AE5895 /* Aspects.h */ = {isa = PBXFileReference; fileEncoding = 4; lastKnownFileType = sourcecode.c.h; path = Aspects.h; sourceTree = "<group>"; };
		E67DEA782154E66300AE5895 /* Aspects.m */ = {isa = PBXFileReference; fileEncoding = 4; lastKnownFileType = sourcecode.c.objc; path = Aspects.m; sourceTree = "<group>"; };
		E6F21D7521465E5800424470 /* Father.h */ = {isa = PBXFileReference; lastKnownFileType = sourcecode.c.h; path = Father.h; sourceTree = "<group>"; };
		E6F21D7621465E5800424470 /* Father.m */ = {isa = PBXFileReference; lastKnownFileType = sourcecode.c.objc; path = Father.m; sourceTree = "<group>"; };
		E6F21D7821465E6300424470 /* Son.h */ = {isa = PBXFileReference; lastKnownFileType = sourcecode.c.h; path = Son.h; sourceTree = "<group>"; };
		E6F21D7921465E6300424470 /* Son.m */ = {isa = PBXFileReference; lastKnownFileType = sourcecode.c.objc; path = Son.m; sourceTree = "<group>"; };
		E6F21D7B21465F1800424470 /* Son+Son1.h */ = {isa = PBXFileReference; lastKnownFileType = sourcecode.c.h; path = "Son+Son1.h"; sourceTree = "<group>"; };
		E6F21D7C21465F1800424470 /* Son+Son1.m */ = {isa = PBXFileReference; lastKnownFileType = sourcecode.c.objc; path = "Son+Son1.m"; sourceTree = "<group>"; };
/* End PBXFileReference section */

/* Begin PBXFrameworksBuildPhase section */
		E6225A022112FE36003BFE79 /* Frameworks */ = {
			isa = PBXFrameworksBuildPhase;
			buildActionMask = 2147483647;
			files = (
				E67DEA752154D9C200AE5895 /* JavaScriptCore.framework in Frameworks */,
				E636FD99213E24DB00B50A74 /* PXYFMWKDYLIB.framework in Frameworks */,
				E67DEA732154D95500AE5895 /* JSPatchPlatform.framework in Frameworks */,
			);
			runOnlyForDeploymentPostprocessing = 0;
		};
/* End PBXFrameworksBuildPhase section */

/* Begin PBXGroup section */
		E61EA75621379B9D00394FFF /* PXYFMWKTest */ = {
			isa = PBXGroup;
			children = (
				E67DEA762154E66300AE5895 /* Aspects */,
				E67DEA722154D95400AE5895 /* JSPatchPlatform.framework */,
				E663CB82215250B000D0304F /* DLIntrospection */,
				E61EA77921379B9D00394FFF /* PXYPerformanceMonitor */,
				E61EA76721379B9D00394FFF /* PXYUIImageViewHelper */,
				E61EA75A21379B9D00394FFF /* AppDelegate.h */,
				E61EA76A21379B9D00394FFF /* AppDelegate.m */,
				E61EA7AF21379B9D00394FFF /* ViewController.h */,
				E61EA75D21379B9D00394FFF /* ViewController.m */,
				E6F21D7521465E5800424470 /* Father.h */,
				E6F21D7621465E5800424470 /* Father.m */,
				E6F21D7821465E6300424470 /* Son.h */,
				E6F21D7921465E6300424470 /* Son.m */,
				E6F21D7B21465F1800424470 /* Son+Son1.h */,
				E6F21D7C21465F1800424470 /* Son+Son1.m */,
				E61EA75E21379B9D00394FFF /* LaunchScreen.storyboard */,
				E61EA76021379B9D00394FFF /* Main.storyboard */,
				E61EA76221379B9D00394FFF /* main.m */,
				E61EA76B21379B9D00394FFF /* icon.jpeg */,
				E61EA7AE21379B9D00394FFF /* Info.plist */,
				E61EA75C21379B9D00394FFF /* Assets.xcassets */,
			);
			path = PXYFMWKTest;
			sourceTree = "<group>";
		};
		E61EA76721379B9D00394FFF /* PXYUIImageViewHelper */ = {
			isa = PBXGroup;
			children = (
				E61EA76821379B9D00394FFF /* UIImageView+ImageCorner.m */,
				E61EA76921379B9D00394FFF /* UIImageView+ImageCorner.h */,
			);
			path = PXYUIImageViewHelper;
			sourceTree = "<group>";
		};
		E61EA77921379B9D00394FFF /* PXYPerformanceMonitor */ = {
			isa = PBXGroup;
			children = (
				E61EA77A21379B9D00394FFF /* Tools */,
				E61EA78621379B9D00394FFF /* DataProcessing */,
				E61EA78D21379B9D00394FFF /* Resources */,
				E61EA79121379B9D00394FFF /* MonitorManager */,
				E61EA79421379B9D00394FFF /* MonitorDataDetailPage */,
				E61EA79921379B9D00394FFF /* Lib */,
				E61EA7A621379B9D00394FFF /* MainThreadMonitor */,
				E61EA7A921379B9D00394FFF /* Views */,
			);
			path = PXYPerformanceMonitor;
			sourceTree = "<group>";
		};
		E61EA77A21379B9D00394FFF /* Tools */ = {
			isa = PBXGroup;
			children = (
				E61EA77B21379B9D00394FFF /* DeviceCpuHelper */,
				E61EA77E21379B9D00394FFF /* DeviceMemoryHelper */,
				E61EA78121379B9D00394FFF /* FPS */,
			);
			path = Tools;
			sourceTree = "<group>";
		};
		E61EA77B21379B9D00394FFF /* DeviceCpuHelper */ = {
			isa = PBXGroup;
			children = (
				E61EA77C21379B9D00394FFF /* PXYDeviceCpuHelper.h */,
				E61EA77D21379B9D00394FFF /* PXYDeviceCpuHelper.m */,
			);
			path = DeviceCpuHelper;
			sourceTree = "<group>";
		};
		E61EA77E21379B9D00394FFF /* DeviceMemoryHelper */ = {
			isa = PBXGroup;
			children = (
				E61EA77F21379B9D00394FFF /* PXYDeviceMemoryHelper.h */,
				E61EA78021379B9D00394FFF /* PXYDeviceMemoryHelper.m */,
			);
			path = DeviceMemoryHelper;
			sourceTree = "<group>";
		};
		E61EA78121379B9D00394FFF /* FPS */ = {
			isa = PBXGroup;
			children = (
				E61EA78221379B9D00394FFF /* PXYFPSHelper.h */,
				E61EA78521379B9D00394FFF /* PXYFPSHelper.m */,
				E61EA78321379B9D00394FFF /* PXYWeakProxy.h */,
				E61EA78421379B9D00394FFF /* PXYWeakProxy.m */,
			);
			path = FPS;
			sourceTree = "<group>";
		};
		E61EA78621379B9D00394FFF /* DataProcessing */ = {
			isa = PBXGroup;
			children = (
				E61EA78721379B9D00394FFF /* DataCache */,
				E61EA78A21379B9D00394FFF /* DataMonitorManager */,
			);
			path = DataProcessing;
			sourceTree = "<group>";
		};
		E61EA78721379B9D00394FFF /* DataCache */ = {
			isa = PBXGroup;
			children = (
				E61EA78821379B9D00394FFF /* PXYMonitorDataCacheHelper.m */,
				E61EA78921379B9D00394FFF /* PXYMonitorDataCacheHelper.h */,
			);
			path = DataCache;
			sourceTree = "<group>";
		};
		E61EA78A21379B9D00394FFF /* DataMonitorManager */ = {
			isa = PBXGroup;
			children = (
				E61EA78B21379B9D00394FFF /* PXYDataMonitorManager.h */,
				E61EA78C21379B9D00394FFF /* PXYDataMonitorManager.m */,
			);
			path = DataMonitorManager;
			sourceTree = "<group>";
		};
		E61EA78D21379B9D00394FFF /* Resources */ = {
			isa = PBXGroup;
			children = (
				E61EA78E21379B9D00394FFF /* hq_nav_back@2x.png */,
				E61EA78F21379B9D00394FFF /* btn_back.png */,
				E61EA79021379B9D00394FFF /* hq_chart_back@2x.png */,
			);
			path = Resources;
			sourceTree = "<group>";
		};
		E61EA79121379B9D00394FFF /* MonitorManager */ = {
			isa = PBXGroup;
			children = (
				E61EA79221379B9D00394FFF /* PXYMonitorManager.h */,
				E61EA79321379B9D00394FFF /* PXYMonitorManager.m */,
			);
			path = MonitorManager;
			sourceTree = "<group>";
		};
		E61EA79421379B9D00394FFF /* MonitorDataDetailPage */ = {
			isa = PBXGroup;
			children = (
				E61EA79521379B9D00394FFF /* PXYMonitorDataListController.h */,
				E61EA79621379B9D00394FFF /* PXYMonitorDataDetailController.m */,
				E61EA79721379B9D00394FFF /* PXYMonitorDataDetailController.h */,
				E61EA79821379B9D00394FFF /* PXYMonitorDataListController.m */,
			);
			path = MonitorDataDetailPage;
			sourceTree = "<group>";
		};
		E61EA79921379B9D00394FFF /* Lib */ = {
			isa = PBXGroup;
			children = (
				E61EA79A21379B9D00394FFF /* YYCache */,
				E61EA7A321379B9D00394FFF /* BSBacktraceLogger */,
			);
			path = Lib;
			sourceTree = "<group>";
		};
		E61EA79A21379B9D00394FFF /* YYCache */ = {
			isa = PBXGroup;
			children = (
				E61EA79B21379B9D00394FFF /* YYDiskCache.m */,
				E61EA79C21379B9D00394FFF /* YYKVStorage.h */,
				E61EA79D21379B9D00394FFF /* YYCache.m */,
				E61EA79E21379B9D00394FFF /* YYMemoryCache.h */,
				E61EA79F21379B9D00394FFF /* YYDiskCache.h */,
				E61EA7A021379B9D00394FFF /* YYCache.h */,
				E61EA7A121379B9D00394FFF /* YYKVStorage.m */,
				E61EA7A221379B9D00394FFF /* YYMemoryCache.m */,
			);
			path = YYCache;
			sourceTree = "<group>";
		};
		E61EA7A321379B9D00394FFF /* BSBacktraceLogger */ = {
			isa = PBXGroup;
			children = (
				E61EA7A421379B9D00394FFF /* BSBacktraceLogger.h */,
				E61EA7A521379B9D00394FFF /* BSBacktraceLogger.m */,
			);
			path = BSBacktraceLogger;
			sourceTree = "<group>";
		};
		E61EA7A621379B9D00394FFF /* MainThreadMonitor */ = {
			isa = PBXGroup;
			children = (
				E61EA7A721379B9D00394FFF /* PXYMainThreadMonitorHelper.m */,
				E61EA7A821379B9D00394FFF /* PXYMainThreadMonitorHelper.h */,
			);
			path = MainThreadMonitor;
			sourceTree = "<group>";
		};
		E61EA7A921379B9D00394FFF /* Views */ = {
			isa = PBXGroup;
			children = (
				E61EA7AA21379B9D00394FFF /* PXYStatusBarView.m */,
				E61EA7AB21379B9D00394FFF /* PXYFPSLabel.h */,
				E61EA7AC21379B9D00394FFF /* PXYFPSLabel.m */,
				E61EA7AD21379B9D00394FFF /* PXYStatusBarView.h */,
			);
			path = Views;
			sourceTree = "<group>";
		};
		E61EA7EB2137C44B00394FFF /* Frameworks */ = {
			isa = PBXGroup;
			children = (
				E67DEA742154D9C100AE5895 /* JavaScriptCore.framework */,
				E663CB862152551000D0304F /* libsystem_blocks.dylib */,
				E61EA8C4213D506900394FFF /* libPXYFMWKLib.a */,
				E61EA8B1213D4EA700394FFF /* PXYFMWKDYLIB.framework */,
				E61EA869213CDDB600394FFF /* libPXYFMWKLib.a */,
				E61EA8142137CDF000394FFF /* libPXYFMWKLib.a */,
				E61EA7F52137C55000394FFF /* libPXYFWMKLib.a */,
				E61EA7EC2137C44C00394FFF /* WSLibraryFirst.xcodeproj */,
			);
			name = Frameworks;
			sourceTree = "<group>";
		};
		E61EA7ED2137C44C00394FFF /* Products */ = {
			isa = PBXGroup;
			children = (
				E61EA7F22137C44C00394FFF /* libWSLibraryFirst.a */,
				E61EA7F42137C44C00394FFF /* Lib1Resource.bundle */,
			);
			name = Products;
			sourceTree = "<group>";
		};
		E62259FC2112FE36003BFE79 = {
			isa = PBXGroup;
			children = (
				E636FD98213E24DB00B50A74 /* PXYFMWKDYLIB.framework */,
				E61EA75621379B9D00394FFF /* PXYFMWKTest */,
				E6225A062112FE36003BFE79 /* Products */,
				E61EA7EB2137C44B00394FFF /* Frameworks */,
			);
			sourceTree = "<group>";
		};
		E6225A062112FE36003BFE79 /* Products */ = {
			isa = PBXGroup;
			children = (
				E6225A052112FE36003BFE79 /* PXYFMWKTest.app */,
			);
			name = Products;
			sourceTree = "<group>";
		};
		E663CB82215250B000D0304F /* DLIntrospection */ = {
			isa = PBXGroup;
			children = (
				E663CB83215250B000D0304F /* NSObject+DLIntrospection.h */,
				E663CB84215250B000D0304F /* NSObject+DLIntrospection.m */,
			);
			path = DLIntrospection;
			sourceTree = "<group>";
		};
		E67DEA762154E66300AE5895 /* Aspects */ = {
			isa = PBXGroup;
			children = (
				E67DEA772154E66300AE5895 /* Aspects.h */,
				E67DEA782154E66300AE5895 /* Aspects.m */,
			);
			path = Aspects;
			sourceTree = "<group>";
		};
/* End PBXGroup section */

/* Begin PBXNativeTarget section */
		E6225A042112FE36003BFE79 /* PXYFMWKTest */ = {
			isa = PBXNativeTarget;
			buildConfigurationList = E6225A1B2112FE39003BFE79 /* Build configuration list for PBXNativeTarget "PXYFMWKTest" */;
			buildPhases = (
				E6225A012112FE36003BFE79 /* Sources */,
				E6225A022112FE36003BFE79 /* Frameworks */,
				E6225A032112FE36003BFE79 /* Resources */,
				E636FD9B213E24DB00B50A74 /* Embed Frameworks */,
			);
			buildRules = (
			);
			dependencies = (
			);
			name = PXYFMWKTest;
			productName = ImageCorner;
			productReference = E6225A052112FE36003BFE79 /* PXYFMWKTest.app */;
			productType = "com.apple.product-type.application";
		};
/* End PBXNativeTarget section */

/* Begin PBXProject section */
		E62259FD2112FE36003BFE79 /* Project object */ = {
			isa = PBXProject;
			attributes = {
				LastUpgradeCheck = 0940;
				ORGANIZATIONNAME = Pengxuyuan;
				TargetAttributes = {
					E6225A042112FE36003BFE79 = {
						CreatedOnToolsVersion = 9.4.1;
					};
				};
			};
			buildConfigurationList = E6225A002112FE36003BFE79 /* Build configuration list for PBXProject "PXYFMWKTest" */;
			compatibilityVersion = "Xcode 9.3";
			developmentRegion = en;
			hasScannedForEncodings = 0;
			knownRegions = (
				en,
				Base,
			);
			mainGroup = E62259FC2112FE36003BFE79;
			productRefGroup = E6225A062112FE36003BFE79 /* Products */;
			projectDirPath = "";
			projectReferences = (
				{
					ProductGroup = E61EA7ED2137C44C00394FFF /* Products */;
					ProjectRef = E61EA7EC2137C44C00394FFF /* WSLibraryFirst.xcodeproj */;
				},
			);
			projectRoot = "";
			targets = (
				E6225A042112FE36003BFE79 /* PXYFMWKTest */,
			);
		};
/* End PBXProject section */

/* Begin PBXReferenceProxy section */
		E61EA7F22137C44C00394FFF /* libWSLibraryFirst.a */ = {
			isa = PBXReferenceProxy;
			fileType = archive.ar;
			path = libWSLibraryFirst.a;
			remoteRef = E61EA7F12137C44C00394FFF /* PBXContainerItemProxy */;
			sourceTree = BUILT_PRODUCTS_DIR;
		};
		E61EA7F42137C44C00394FFF /* Lib1Resource.bundle */ = {
			isa = PBXReferenceProxy;
			fileType = wrapper.cfbundle;
			path = Lib1Resource.bundle;
			remoteRef = E61EA7F32137C44C00394FFF /* PBXContainerItemProxy */;
			sourceTree = BUILT_PRODUCTS_DIR;
		};
/* End PBXReferenceProxy section */

/* Begin PBXResourcesBuildPhase section */
		E6225A032112FE36003BFE79 /* Resources */ = {
			isa = PBXResourcesBuildPhase;
			buildActionMask = 2147483647;
			files = (
				E61EA7D321379B9D00394FFF /* Info.plist in Resources */,
				E61EA7B421379B9D00394FFF /* Main.storyboard in Resources */,
				E61EA7B121379B9D00394FFF /* Assets.xcassets in Resources */,
				E61EA7C721379B9D00394FFF /* hq_chart_back@2x.png in Resources */,
				E61EA7BA21379B9D00394FFF /* icon.jpeg in Resources */,
				E61EA7C521379B9D00394FFF /* hq_nav_back@2x.png in Resources */,
				E61EA7B321379B9D00394FFF /* LaunchScreen.storyboard in Resources */,
				E61EA7C621379B9D00394FFF /* btn_back.png in Resources */,
			);
			runOnlyForDeploymentPostprocessing = 0;
		};
/* End PBXResourcesBuildPhase section */

/* Begin PBXSourcesBuildPhase section */
		E6225A012112FE36003BFE79 /* Sources */ = {
			isa = PBXSourcesBuildPhase;
			buildActionMask = 2147483647;
			files = (
				E6F21D7A21465E6300424470 /* Son.m in Sources */,
				E67DEA792154E66400AE5895 /* Aspects.m in Sources */,
				E61EA7CA21379B9D00394FFF /* PXYMonitorDataListController.m in Sources */,
				E61EA7D021379B9D00394FFF /* PXYMainThreadMonitorHelper.m in Sources */,
				E61EA7CE21379B9D00394FFF /* YYMemoryCache.m in Sources */,
				E663CB85215250B000D0304F /* NSObject+DLIntrospection.m in Sources */,
				E61EA7BF21379B9D00394FFF /* PXYDeviceCpuHelper.m in Sources */,
				E61EA7CC21379B9D00394FFF /* YYCache.m in Sources */,
				E61EA7CF21379B9D00394FFF /* BSBacktraceLogger.m in Sources */,
				E61EA7D221379B9D00394FFF /* PXYFPSLabel.m in Sources */,
				E61EA7C921379B9D00394FFF /* PXYMonitorDataDetailController.m in Sources */,
				E6F21D7721465E5800424470 /* Father.m in Sources */,
				E61EA7C121379B9D00394FFF /* PXYWeakProxy.m in Sources */,
				E61EA7B221379B9D00394FFF /* ViewController.m in Sources */,
				E61EA7CD21379B9D00394FFF /* YYKVStorage.m in Sources */,
				E61EA7B821379B9D00394FFF /* UIImageView+ImageCorner.m in Sources */,
				E61EA7D121379B9D00394FFF /* PXYStatusBarView.m in Sources */,
				E61EA7B521379B9D00394FFF /* main.m in Sources */,
				E61EA7C821379B9D00394FFF /* PXYMonitorManager.m in Sources */,
				E61EA7CB21379B9D00394FFF /* YYDiskCache.m in Sources */,
				E61EA7C421379B9D00394FFF /* PXYDataMonitorManager.m in Sources */,
				E6F21D7D21465F1800424470 /* Son+Son1.m in Sources */,
				E61EA7C221379B9D00394FFF /* PXYFPSHelper.m in Sources */,
				E61EA7C321379B9D00394FFF /* PXYMonitorDataCacheHelper.m in Sources */,
				E61EA7C021379B9D00394FFF /* PXYDeviceMemoryHelper.m in Sources */,
				E61EA7B921379B9D00394FFF /* AppDelegate.m in Sources */,
			);
			runOnlyForDeploymentPostprocessing = 0;
		};
/* End PBXSourcesBuildPhase section */

/* Begin PBXVariantGroup section */
		E61EA75E21379B9D00394FFF /* LaunchScreen.storyboard */ = {
			isa = PBXVariantGroup;
			children = (
				E61EA75F21379B9D00394FFF /* Base */,
			);
			name = LaunchScreen.storyboard;
			sourceTree = "<group>";
		};
		E61EA76021379B9D00394FFF /* Main.storyboard */ = {
			isa = PBXVariantGroup;
			children = (
				E61EA76121379B9D00394FFF /* Base */,
			);
			name = Main.storyboard;
			sourceTree = "<group>";
		};
/* End PBXVariantGroup section */

/* Begin XCBuildConfiguration section */
		E6225A192112FE39003BFE79 /* Debug */ = {
			isa = XCBuildConfiguration;
			buildSettings = {
				ALWAYS_SEARCH_USER_PATHS = NO;
				CLANG_ANALYZER_NONNULL = YES;
				CLANG_ANALYZER_NUMBER_OBJECT_CONVERSION = YES_AGGRESSIVE;
				CLANG_CXX_LANGUAGE_STANDARD = "gnu++14";
				CLANG_CXX_LIBRARY = "libc++";
				CLANG_ENABLE_MODULES = YES;
				CLANG_ENABLE_OBJC_ARC = YES;
				CLANG_ENABLE_OBJC_WEAK = YES;
				CLANG_WARN_BLOCK_CAPTURE_AUTORELEASING = YES;
				CLANG_WARN_BOOL_CONVERSION = YES;
				CLANG_WARN_COMMA = YES;
				CLANG_WARN_CONSTANT_CONVERSION = YES;
				CLANG_WARN_DEPRECATED_OBJC_IMPLEMENTATIONS = YES;
				CLANG_WARN_DIRECT_OBJC_ISA_USAGE = YES_ERROR;
				CLANG_WARN_DOCUMENTATION_COMMENTS = YES;
				CLANG_WARN_EMPTY_BODY = YES;
				CLANG_WARN_ENUM_CONVERSION = YES;
				CLANG_WARN_INFINITE_RECURSION = YES;
				CLANG_WARN_INT_CONVERSION = YES;
				CLANG_WARN_NON_LITERAL_NULL_CONVERSION = YES;
				CLANG_WARN_OBJC_IMPLICIT_RETAIN_SELF = YES;
				CLANG_WARN_OBJC_LITERAL_CONVERSION = YES;
				CLANG_WARN_OBJC_ROOT_CLASS = YES_ERROR;
				CLANG_WARN_RANGE_LOOP_ANALYSIS = YES;
				CLANG_WARN_STRICT_PROTOTYPES = YES;
				CLANG_WARN_SUSPICIOUS_MOVE = YES;
				CLANG_WARN_UNGUARDED_AVAILABILITY = YES_AGGRESSIVE;
				CLANG_WARN_UNREACHABLE_CODE = YES;
				CLANG_WARN__DUPLICATE_METHOD_MATCH = YES;
				CODE_SIGN_IDENTITY = "iPhone Developer";
				COPY_PHASE_STRIP = NO;
				DEBUG_INFORMATION_FORMAT = dwarf;
				ENABLE_STRICT_OBJC_MSGSEND = YES;
				ENABLE_TESTABILITY = YES;
				GCC_C_LANGUAGE_STANDARD = gnu11;
				GCC_DYNAMIC_NO_PIC = NO;
				GCC_NO_COMMON_BLOCKS = YES;
				GCC_OPTIMIZATION_LEVEL = 0;
				GCC_PREPROCESSOR_DEFINITIONS = (
					"DEBUG=1",
					"$(inherited)",
				);
				GCC_WARN_64_TO_32_BIT_CONVERSION = YES;
				GCC_WARN_ABOUT_RETURN_TYPE = YES_ERROR;
				GCC_WARN_UNDECLARED_SELECTOR = YES;
				GCC_WARN_UNINITIALIZED_AUTOS = YES_AGGRESSIVE;
				GCC_WARN_UNUSED_FUNCTION = YES;
				GCC_WARN_UNUSED_VARIABLE = YES;
				IPHONEOS_DEPLOYMENT_TARGET = 11.4;
				MTL_ENABLE_DEBUG_INFO = YES;
				ONLY_ACTIVE_ARCH = YES;
				SDKROOT = iphoneos;
			};
			name = Debug;
		};
		E6225A1A2112FE39003BFE79 /* Release */ = {
			isa = XCBuildConfiguration;
			buildSettings = {
				ALWAYS_SEARCH_USER_PATHS = NO;
				CLANG_ANALYZER_NONNULL = YES;
				CLANG_ANALYZER_NUMBER_OBJECT_CONVERSION = YES_AGGRESSIVE;
				CLANG_CXX_LANGUAGE_STANDARD = "gnu++14";
				CLANG_CXX_LIBRARY = "libc++";
				CLANG_ENABLE_MODULES = YES;
				CLANG_ENABLE_OBJC_ARC = YES;
				CLANG_ENABLE_OBJC_WEAK = YES;
				CLANG_WARN_BLOCK_CAPTURE_AUTORELEASING = YES;
				CLANG_WARN_BOOL_CONVERSION = YES;
				CLANG_WARN_COMMA = YES;
				CLANG_WARN_CONSTANT_CONVERSION = YES;
				CLANG_WARN_DEPRECATED_OBJC_IMPLEMENTATIONS = YES;
				CLANG_WARN_DIRECT_OBJC_ISA_USAGE = YES_ERROR;
				CLANG_WARN_DOCUMENTATION_COMMENTS = YES;
				CLANG_WARN_EMPTY_BODY = YES;
				CLANG_WARN_ENUM_CONVERSION = YES;
				CLANG_WARN_INFINITE_RECURSION = YES;
				CLANG_WARN_INT_CONVERSION = YES;
				CLANG_WARN_NON_LITERAL_NULL_CONVERSION = YES;
				CLANG_WARN_OBJC_IMPLICIT_RETAIN_SELF = YES;
				CLANG_WARN_OBJC_LITERAL_CONVERSION = YES;
				CLANG_WARN_OBJC_ROOT_CLASS = YES_ERROR;
				CLANG_WARN_RANGE_LOOP_ANALYSIS = YES;
				CLANG_WARN_STRICT_PROTOTYPES = YES;
				CLANG_WARN_SUSPICIOUS_MOVE = YES;
				CLANG_WARN_UNGUARDED_AVAILABILITY = YES_AGGRESSIVE;
				CLANG_WARN_UNREACHABLE_CODE = YES;
				CLANG_WARN__DUPLICATE_METHOD_MATCH = YES;
				CODE_SIGN_IDENTITY = "iPhone Developer";
				COPY_PHASE_STRIP = NO;
				DEBUG_INFORMATION_FORMAT = "dwarf-with-dsym";
				ENABLE_NS_ASSERTIONS = NO;
				ENABLE_STRICT_OBJC_MSGSEND = YES;
				GCC_C_LANGUAGE_STANDARD = gnu11;
				GCC_NO_COMMON_BLOCKS = YES;
				GCC_WARN_64_TO_32_BIT_CONVERSION = YES;
				GCC_WARN_ABOUT_RETURN_TYPE = YES_ERROR;
				GCC_WARN_UNDECLARED_SELECTOR = YES;
				GCC_WARN_UNINITIALIZED_AUTOS = YES_AGGRESSIVE;
				GCC_WARN_UNUSED_FUNCTION = YES;
				GCC_WARN_UNUSED_VARIABLE = YES;
				IPHONEOS_DEPLOYMENT_TARGET = 11.4;
				MTL_ENABLE_DEBUG_INFO = NO;
				SDKROOT = iphoneos;
				VALIDATE_PRODUCT = YES;
			};
			name = Release;
		};
		E6225A1C2112FE39003BFE79 /* Debug */ = {
			isa = XCBuildConfiguration;
			buildSettings = {
				ASSETCATALOG_COMPILER_APPICON_NAME = AppIcon;
				CODE_SIGN_STYLE = Automatic;
				DEVELOPMENT_TEAM = JQ65Q8X2ZJ;
				FRAMEWORK_SEARCH_PATHS = (
					"$(inherited)",
					"$(PROJECT_DIR)",
					"$(PROJECT_DIR)/PXYFMWKTest",
				);
				HEADER_SEARCH_PATHS = "";
				INFOPLIST_FILE = "$(SRCROOT)/PXYFMWKTest/Info.plist";
				LD_RUNPATH_SEARCH_PATHS = (
					"$(inherited)",
					"@executable_path/Frameworks",
				);
				OTHER_LDFLAGS = "-ObjC33";
				PRODUCT_BUNDLE_IDENTIFIER = pengxuyuan.ImageCorner;
				PRODUCT_NAME = "$(TARGET_NAME)";
				TARGETED_DEVICE_FAMILY = "1,2";
			};
			name = Debug;
		};
		E6225A1D2112FE39003BFE79 /* Release */ = {
			isa = XCBuildConfiguration;
			buildSettings = {
				ASSETCATALOG_COMPILER_APPICON_NAME = AppIcon;
				CODE_SIGN_STYLE = Automatic;
				DEVELOPMENT_TEAM = JQ65Q8X2ZJ;
				FRAMEWORK_SEARCH_PATHS = (
					"$(inherited)",
					"$(PROJECT_DIR)",
					"$(PROJECT_DIR)/PXYFMWKTest",
				);
				HEADER_SEARCH_PATHS = "";
				INFOPLIST_FILE = "$(SRCROOT)/PXYFMWKTest/Info.plist";
				LD_RUNPATH_SEARCH_PATHS = (
					"$(inherited)",
					"@executable_path/Frameworks",
				);
				OTHER_LDFLAGS = "-ObjC33";
				PRODUCT_BUNDLE_IDENTIFIER = pengxuyuan.ImageCorner;
				PRODUCT_NAME = "$(TARGET_NAME)";
				TARGETED_DEVICE_FAMILY = "1,2";
			};
			name = Release;
		};
/* End XCBuildConfiguration section */

/* Begin XCConfigurationList section */
		E6225A002112FE36003BFE79 /* Build configuration list for PBXProject "PXYFMWKTest" */ = {
			isa = XCConfigurationList;
			buildConfigurations = (
				E6225A192112FE39003BFE79 /* Debug */,
				E6225A1A2112FE39003BFE79 /* Release */,
			);
			defaultConfigurationIsVisible = 0;
			defaultConfigurationName = Release;
		};
		E6225A1B2112FE39003BFE79 /* Build configuration list for PBXNativeTarget "PXYFMWKTest" */ = {
			isa = XCConfigurationList;
			buildConfigurations = (
				E6225A1C2112FE39003BFE79 /* Debug */,
				E6225A1D2112FE39003BFE79 /* Release */,
			);
			defaultConfigurationIsVisible = 0;
			defaultConfigurationName = Release;
		};
/* End XCConfigurationList section */
	};
	rootObject = E62259FD2112FE36003BFE79 /* Project object */;
}
